// !$*UTF8*$!
{
	archiveVersion = 1;
	classes = {
	};
	objectVersion = 46;
	objects = {

/* Begin PBXBuildFile section */
		0147BBACD11B4C4A5A9D287E /* HourMinute.swift in Sources */ = {isa = PBXBuildFile; fileRef = 10D4E3A790F5656D2EB37C77 /* HourMinute.swift */; };
		0AAA7015CD7CFCFC11010D41 /* Foundation.framework in Frameworks */ = {isa = PBXBuildFile; fileRef = 3C1C4D646FBDB39EF276C8FC /* Foundation.framework */; };
		1D0B7335A714664C86081A48 /* NewsViewModel.swift in Sources */ = {isa = PBXBuildFile; fileRef = 165A47AF07BFC9AB0A6E299A /* NewsViewModel.swift */; };
		2317EE6A26AB99F40CC7ABA6 /* GazeProcessorTests.swift in Sources */ = {isa = PBXBuildFile; fileRef = 99A6F5A707E820E66015C497 /* GazeProcessorTests.swift */; };
		248AA1D75BE774DF07FFAFA1 /* ARViewController.swift in Sources */ = {isa = PBXBuildFile; fileRef = 3F7CE21562677FE118C8C6CE /* ARViewController.swift */; };
		2C23D78427042E185C07B5A3 /* AFSRButton.swift in Sources */ = {isa = PBXBuildFile; fileRef = AEBB97CE52B513BDE5ACFC4F /* AFSRButton.swift */; };
		34786A9128CC5297CE5F954D /* Medication.swift in Sources */ = {isa = PBXBuildFile; fileRef = FFC9F0B3866587BB658728CC /* Medication.swift */; };
		35E9D75384619DCE207FA296 /* EyeGameView.swift in Sources */ = {isa = PBXBuildFile; fileRef = F625EC88C0C9B32D50C199D3 /* EyeGameView.swift */; };
		3A48B75F79DFAB83B75730A1 /* ContentView.swift in Sources */ = {isa = PBXBuildFile; fileRef = 31EF6A3A4F8FA94E08D6D1DB /* ContentView.swift */; };
		453E0878538CADF894BADF29 /* RettAppApp.swift in Sources */ = {isa = PBXBuildFile; fileRef = 20D1C1F14193F23DFBC87A4C /* RettAppApp.swift */; };
		4CA668554E8C334B5E276B90 /* HealthKitManager.swift in Sources */ = {isa = PBXBuildFile; fileRef = 75B2390B9AAB5337925B62AE /* HealthKitManager.swift */; };
		4CED80A841BDD75F7E112625 /* PreviewData.swift in Sources */ = {isa = PBXBuildFile; fileRef = 37E8C3C650F9A8D3D94A6ABA /* PreviewData.swift */; };
		5CFD506F9A99227E87577A30 /* SeizureHistoryView.swift in Sources */ = {isa = PBXBuildFile; fileRef = A7F86F38796AF7395A18A135 /* SeizureHistoryView.swift */; };
		60E7883F911CD25D51F40460 /* AuthManager.swift in Sources */ = {isa = PBXBuildFile; fileRef = 2A3E72CEDF89545F2599C47D /* AuthManager.swift */; };
		69FDCFF47AE9BBA1E24D22A1 /* SeizureViewModelTests.swift in Sources */ = {isa = PBXBuildFile; fileRef = 9CACF7F919D67497F08D737B /* SeizureViewModelTests.swift */; };
		6CA555CAE7517ACD30E9D969 /* MedicationListView.swift in Sources */ = {isa = PBXBuildFile; fileRef = EAD235319A164EF788C0C9D2 /* MedicationListView.swift */; };
		71DB22D9801565F26A10596F /* SeizureEvent.swift in Sources */ = {isa = PBXBuildFile; fileRef = B3855197AD81B041A532A81F /* SeizureEvent.swift */; };
		78FFBE343139A853CFA248F0 /* EmptyStateView.swift in Sources */ = {isa = PBXBuildFile; fileRef = 087830C41E27A1BEDF565782 /* EmptyStateView.swift */; };
		7CEE9AADD431374B8FC07D83 /* EyeGameViewModel.swift in Sources */ = {isa = PBXBuildFile; fileRef = DBCBA65D279E201841DD36D3 /* EyeGameViewModel.swift */; };
		7ED6BD62DA6CCC42D934D3A4 /* AFSRTheme.swift in Sources */ = {isa = PBXBuildFile; fileRef = 5398F87C91F8A4C943D2D9BC /* AFSRTheme.swift */; };
		87EE807B778AEE16C1F294E0 /* NewsDetailView.swift in Sources */ = {isa = PBXBuildFile; fileRef = 309D4665866EF110162F3F66 /* NewsDetailView.swift */; };
		8BAA5F7804B0EDB217FCB4C5 /* Assets.xcassets in Resources */ = {isa = PBXBuildFile; fileRef = EEB1F2B12BCAB980E5A80748 /* Assets.xcassets */; };
		98E3C6A1F46312B16EA912CA /* NewsArticle.swift in Sources */ = {isa = PBXBuildFile; fileRef = 3A8F8055686083A7954CDC1A /* NewsArticle.swift */; };
		9CC41E993FB73C2E8967DBF4 /* Localizable.strings in Resources */ = {isa = PBXBuildFile; fileRef = 423E7A863DEDCE1C61FB787E /* Localizable.strings */; };
		A656D102DED88516C55EE80B /* Foundation.framework in Frameworks */ = {isa = PBXBuildFile; fileRef = 3C1C4D646FBDB39EF276C8FC /* Foundation.framework */; };
		B0303E51C7FA8F542B9E37A9 /* ChildProfile.swift in Sources */ = {isa = PBXBuildFile; fileRef = 387E543C0C4B1878E0D6C338 /* ChildProfile.swift */; };
		B36D9F95A27E45DBD8B2AFB5 /* MedicationLogView.swift in Sources */ = {isa = PBXBuildFile; fileRef = A537A197308F112D0D0E4228 /* MedicationLogView.swift */; };
		B55646578CDFF4003B6F8B82 /* SettingsView.swift in Sources */ = {isa = PBXBuildFile; fileRef = C432A1638EAD243AAEDFC451 /* SettingsView.swift */; };
		C0031202CF20EE1ED81EF93E /* NewsListView.swift in Sources */ = {isa = PBXBuildFile; fileRef = 9AFEE568E01ED4760F4A6A07 /* NewsListView.swift */; };
		C127A19A9D8630DB4D7B27E5 /* SectionCard.swift in Sources */ = {isa = PBXBuildFile; fileRef = 04A9F6F5F59DF518C455AF32 /* SectionCard.swift */; };
		C609107243CA02C17402D136 /* GazeProcessor.swift in Sources */ = {isa = PBXBuildFile; fileRef = A60C4D8B0C1994D58591CB0F /* GazeProcessor.swift */; };
		C6300B218E75F21AAEE64470 /* MedicationLog.swift in Sources */ = {isa = PBXBuildFile; fileRef = EC114D569FA2BB5268027270 /* MedicationLog.swift */; };
		D5F5EC018C54ABC90B3CE337 /* SignInView.swift in Sources */ = {isa = PBXBuildFile; fileRef = 5142120BEE3AD43D3137D65A /* SignInView.swift */; };
		E2B0E86E855CC5E3140587B1 /* ProfileSetupView.swift in Sources */ = {isa = PBXBuildFile; fileRef = 4B74F21A1BABDCEB4A35D41D /* ProfileSetupView.swift */; };
		EA56681F0211B79CCAF78757 /* SeizureTrackerView.swift in Sources */ = {isa = PBXBuildFile; fileRef = 3E0099A08E88D2D7D9EE2E0A /* SeizureTrackerView.swift */; };
		F3813254C9BEE8B38F3B0F64 /* SeizureTrackerViewModel.swift in Sources */ = {isa = PBXBuildFile; fileRef = C22E2BCEE5887E5DEAE87434 /* SeizureTrackerViewModel.swift */; };
		FC941DBD289B872715823D7B /* MedicationViewModel.swift in Sources */ = {isa = PBXBuildFile; fileRef = 58F48D4C291E2B4303DEA125 /* MedicationViewModel.swift */; };
/* End PBXBuildFile section */

/* Begin PBXContainerItemProxy section */
		A12B93889DE2959CEEA26883 /* PBXContainerItemProxy */ = {
			isa = PBXContainerItemProxy;
			containerPortal = 62A8A1183F78E6D91F046D0A /* Project object */;
			proxyType = 1;
			remoteGlobalIDString = FBCD3F875FDF8840E59DDA99;
			remoteInfo = RettApp;
		};
/* End PBXContainerItemProxy section */

/* Begin PBXFileReference section */
		04A9F6F5F59DF518C455AF32 /* SectionCard.swift */ = {isa = PBXFileReference; includeInIndex = 1; lastKnownFileType = sourcecode.swift; path = SectionCard.swift; sourceTree = "<group>"; };
		087830C41E27A1BEDF565782 /* EmptyStateView.swift */ = {isa = PBXFileReference; includeInIndex = 1; lastKnownFileType = sourcecode.swift; path = EmptyStateView.swift; sourceTree = "<group>"; };
		10D4E3A790F5656D2EB37C77 /* HourMinute.swift */ = {isa = PBXFileReference; includeInIndex = 1; lastKnownFileType = sourcecode.swift; path = HourMinute.swift; sourceTree = "<group>"; };
		165A47AF07BFC9AB0A6E299A /* NewsViewModel.swift */ = {isa = PBXFileReference; includeInIndex = 1; lastKnownFileType = sourcecode.swift; path = NewsViewModel.swift; sourceTree = "<group>"; };
		20D1C1F14193F23DFBC87A4C /* RettAppApp.swift */ = {isa = PBXFileReference; includeInIndex = 1; lastKnownFileType = sourcecode.swift; path = RettAppApp.swift; sourceTree = "<group>"; };
		2A3E72CEDF89545F2599C47D /* AuthManager.swift */ = {isa = PBXFileReference; includeInIndex = 1; lastKnownFileType = sourcecode.swift; path = AuthManager.swift; sourceTree = "<group>"; };
		309D4665866EF110162F3F66 /* NewsDetailView.swift */ = {isa = PBXFileReference; includeInIndex = 1; lastKnownFileType = sourcecode.swift; path = NewsDetailView.swift; sourceTree = "<group>"; };
		31EF6A3A4F8FA94E08D6D1DB /* ContentView.swift */ = {isa = PBXFileReference; includeInIndex = 1; lastKnownFileType = sourcecode.swift; path = ContentView.swift; sourceTree = "<group>"; };
		37E8C3C650F9A8D3D94A6ABA /* PreviewData.swift */ = {isa = PBXFileReference; includeInIndex = 1; lastKnownFileType = sourcecode.swift; path = PreviewData.swift; sourceTree = "<group>"; };
		387E543C0C4B1878E0D6C338 /* ChildProfile.swift */ = {isa = PBXFileReference; includeInIndex = 1; lastKnownFileType = sourcecode.swift; path = ChildProfile.swift; sourceTree = "<group>"; };
		3A8F8055686083A7954CDC1A /* NewsArticle.swift */ = {isa = PBXFileReference; includeInIndex = 1; lastKnownFileType = sourcecode.swift; path = NewsArticle.swift; sourceTree = "<group>"; };
		3C1C4D646FBDB39EF276C8FC /* Foundation.framework */ = {isa = PBXFileReference; lastKnownFileType = wrapper.framework; name = Foundation.framework; path = Platforms/iPhoneOS.platform/Developer/SDKs/iPhoneOS18.0.sdk/System/Library/Frameworks/Foundation.framework; sourceTree = DEVELOPER_DIR; };
		3E0099A08E88D2D7D9EE2E0A /* SeizureTrackerView.swift */ = {isa = PBXFileReference; includeInIndex = 1; lastKnownFileType = sourcecode.swift; path = SeizureTrackerView.swift; sourceTree = "<group>"; };
		3F7CE21562677FE118C8C6CE /* ARViewController.swift */ = {isa = PBXFileReference; includeInIndex = 1; lastKnownFileType = sourcecode.swift; path = ARViewController.swift; sourceTree = "<group>"; };
		423E7A863DEDCE1C61FB787E /* Localizable.strings */ = {isa = PBXFileReference; includeInIndex = 1; lastKnownFileType = text.plist.strings; path = Localizable.strings; sourceTree = "<group>"; };
		4B74F21A1BABDCEB4A35D41D /* ProfileSetupView.swift */ = {isa = PBXFileReference; includeInIndex = 1; lastKnownFileType = sourcecode.swift; path = ProfileSetupView.swift; sourceTree = "<group>"; };
		5142120BEE3AD43D3137D65A /* SignInView.swift */ = {isa = PBXFileReference; includeInIndex = 1; lastKnownFileType = sourcecode.swift; path = SignInView.swift; sourceTree = "<group>"; };
		5398F87C91F8A4C943D2D9BC /* AFSRTheme.swift */ = {isa = PBXFileReference; includeInIndex = 1; lastKnownFileType = sourcecode.swift; path = AFSRTheme.swift; sourceTree = "<group>"; };
		58F48D4C291E2B4303DEA125 /* MedicationViewModel.swift */ = {isa = PBXFileReference; includeInIndex = 1; lastKnownFileType = sourcecode.swift; path = MedicationViewModel.swift; sourceTree = "<group>"; };
		75B2390B9AAB5337925B62AE /* HealthKitManager.swift */ = {isa = PBXFileReference; includeInIndex = 1; lastKnownFileType = sourcecode.swift; path = HealthKitManager.swift; sourceTree = "<group>"; };
		7B6DB9E563BA6BC7CD833D0E /* RettApp.app */ = {isa = PBXFileReference; explicitFileType = wrapper.application; includeInIndex = 0; path = RettApp.app; sourceTree = BUILT_PRODUCTS_DIR; };
		829394A9B72D7C917F502C0D /* RettAppTests.xctest */ = {isa = PBXFileReference; explicitFileType = wrapper.cfbundle; includeInIndex = 0; path = RettAppTests.xctest; sourceTree = BUILT_PRODUCTS_DIR; };
		99A6F5A707E820E66015C497 /* GazeProcessorTests.swift */ = {isa = PBXFileReference; includeInIndex = 1; lastKnownFileType = sourcecode.swift; path = GazeProcessorTests.swift; sourceTree = "<group>"; };
		9AFEE568E01ED4760F4A6A07 /* NewsListView.swift */ = {isa = PBXFileReference; includeInIndex = 1; lastKnownFileType = sourcecode.swift; path = NewsListView.swift; sourceTree = "<group>"; };
		9CACF7F919D67497F08D737B /* SeizureViewModelTests.swift */ = {isa = PBXFileReference; includeInIndex = 1; lastKnownFileType = sourcecode.swift; path = SeizureViewModelTests.swift; sourceTree = "<group>"; };
		A537A197308F112D0D0E4228 /* MedicationLogView.swift */ = {isa = PBXFileReference; includeInIndex = 1; lastKnownFileType = sourcecode.swift; path = MedicationLogView.swift; sourceTree = "<group>"; };
		A60C4D8B0C1994D58591CB0F /* GazeProcessor.swift */ = {isa = PBXFileReference; includeInIndex = 1; lastKnownFileType = sourcecode.swift; path = GazeProcessor.swift; sourceTree = "<group>"; };
		A7F86F38796AF7395A18A135 /* SeizureHistoryView.swift */ = {isa = PBXFileReference; includeInIndex = 1; lastKnownFileType = sourcecode.swift; path = SeizureHistoryView.swift; sourceTree = "<group>"; };
		AEBB97CE52B513BDE5ACFC4F /* AFSRButton.swift */ = {isa = PBXFileReference; includeInIndex = 1; lastKnownFileType = sourcecode.swift; path = AFSRButton.swift; sourceTree = "<group>"; };
		B3855197AD81B041A532A81F /* SeizureEvent.swift */ = {isa = PBXFileReference; includeInIndex = 1; lastKnownFileType = sourcecode.swift; path = SeizureEvent.swift; sourceTree = "<group>"; };
		C22E2BCEE5887E5DEAE87434 /* SeizureTrackerViewModel.swift */ = {isa = PBXFileReference; includeInIndex = 1; lastKnownFileType = sourcecode.swift; path = SeizureTrackerViewModel.swift; sourceTree = "<group>"; };
		C432A1638EAD243AAEDFC451 /* SettingsView.swift */ = {isa = PBXFileReference; includeInIndex = 1; lastKnownFileType = sourcecode.swift; path = SettingsView.swift; sourceTree = "<group>"; };
		DBCBA65D279E201841DD36D3 /* EyeGameViewModel.swift */ = {isa = PBXFileReference; includeInIndex = 1; lastKnownFileType = sourcecode.swift; path = EyeGameViewModel.swift; sourceTree = "<group>"; };
		EAD235319A164EF788C0C9D2 /* MedicationListView.swift */ = {isa = PBXFileReference; includeInIndex = 1; lastKnownFileType = sourcecode.swift; path = MedicationListView.swift; sourceTree = "<group>"; };
		EC114D569FA2BB5268027270 /* MedicationLog.swift */ = {isa = PBXFileReference; includeInIndex = 1; lastKnownFileType = sourcecode.swift; path = MedicationLog.swift; sourceTree = "<group>"; };
		EEB1F2B12BCAB980E5A80748 /* Assets.xcassets */ = {isa = PBXFileReference; includeInIndex = 1; lastKnownFileType = folder.assetcatalog; path = Assets.xcassets; sourceTree = "<group>"; };
		F625EC88C0C9B32D50C199D3 /* EyeGameView.swift */ = {isa = PBXFileReference; includeInIndex = 1; lastKnownFileType = sourcecode.swift; path = EyeGameView.swift; sourceTree = "<group>"; };
		FFC9F0B3866587BB658728CC /* Medication.swift */ = {isa = PBXFileReference; includeInIndex = 1; lastKnownFileType = sourcecode.swift; path = Medication.swift; sourceTree = "<group>"; };
/* End PBXFileReference section */

/* Begin PBXFrameworksBuildPhase section */
		82CBC2E0D6FB7675D8005CA8 /* Frameworks */ = {
			isa = PBXFrameworksBuildPhase;
			buildActionMask = 2147483647;
			files = (
				A656D102DED88516C55EE80B /* Foundation.framework in Frameworks */,
			);
			runOnlyForDeploymentPostprocessing = 0;
		};
		F45A0F37C129D2CD274DF222 /* Frameworks */ = {
			isa = PBXFrameworksBuildPhase;
			buildActionMask = 2147483647;
			files = (
				0AAA7015CD7CFCFC11010D41 /* Foundation.framework in Frameworks */,
			);
			runOnlyForDeploymentPostprocessing = 0;
		};
/* End PBXFrameworksBuildPhase section */

/* Begin PBXGroup section */
		1038CD6D6CC3F36D6BCADC0D /* Theme */ = {
			isa = PBXGroup;
			children = (
				5398F87C91F8A4C943D2D9BC /* AFSRTheme.swift */,
				10D4E3A790F5656D2EB37C77 /* HourMinute.swift */,
			);
			name = Theme;
			path = Theme;
			sourceTree = "<group>";
		};
		1CDD8AA768AEB27FD9891DF8 /* Components */ = {
			isa = PBXGroup;
			children = (
				AEBB97CE52B513BDE5ACFC4F /* AFSRButton.swift */,
				087830C41E27A1BEDF565782 /* EmptyStateView.swift */,
				04A9F6F5F59DF518C455AF32 /* SectionCard.swift */,
			);
			name = Components;
			path = Components;
			sourceTree = "<group>";
		};
		1D29439100F139799BF4CF94 /* Models */ = {
			isa = PBXGroup;
			children = (
				B3855197AD81B041A532A81F /* SeizureEvent.swift */,
			);
			name = Models;
			path = Models;
			sourceTree = "<group>";
		};
		246BD5C4E8DAAFCDD103BF30 /* Models */ = {
			isa = PBXGroup;
			children = (
				3A8F8055686083A7954CDC1A /* NewsArticle.swift */,
			);
			name = Models;
			path = Models;
			sourceTree = "<group>";
		};
		28C060F1184C4127DCEB91CB /* RettApp */ = {
			isa = PBXGroup;
			children = (
				31EF6A3A4F8FA94E08D6D1DB /* ContentView.swift */,
				90BAEA35310E8BA327061EE0 /* Core */,
				640E48CA3560D6A6FD872164 /* Features */,
				98ABF5C1B70D1C1AA9FB13AE /* Resources */,
				20D1C1F14193F23DFBC87A4C /* RettAppApp.swift */,
				BA7FAD36B474EE73E8DF8B59 /* Shared */,
			);
			name = RettApp;
			path = RettApp;
			sourceTree = "<group>";
		};
		29BC2B8B3F59C3186D203895 /* Settings */ = {
			isa = PBXGroup;
			children = (
				C432A1638EAD243AAEDFC451 /* SettingsView.swift */,
			);
			name = Settings;
			path = Settings;
			sourceTree = "<group>";
		};
		372D410EADC9DD07241202D0 /* HealthKit */ = {
			isa = PBXGroup;
			children = (
				75B2390B9AAB5337925B62AE /* HealthKitManager.swift */,
			);
			name = HealthKit;
			path = HealthKit;
			sourceTree = "<group>";
		};
		3DF03898E8E23F8A6F3AD898 /* EyeGame */ = {
			isa = PBXGroup;
			children = (
				3F7CE21562677FE118C8C6CE /* ARViewController.swift */,
				F625EC88C0C9B32D50C199D3 /* EyeGameView.swift */,
				DBCBA65D279E201841DD36D3 /* EyeGameViewModel.swift */,
				A60C4D8B0C1994D58591CB0F /* GazeProcessor.swift */,
			);
			name = EyeGame;
			path = EyeGame;
			sourceTree = "<group>";
		};
		4534266D9404035C43FDF1FF /* SeizureTracker */ = {
			isa = PBXGroup;
			children = (
				1D29439100F139799BF4CF94 /* Models */,
				A7F86F38796AF7395A18A135 /* SeizureHistoryView.swift */,
				3E0099A08E88D2D7D9EE2E0A /* SeizureTrackerView.swift */,
				C22E2BCEE5887E5DEAE87434 /* SeizureTrackerViewModel.swift */,
			);
			name = SeizureTracker;
			path = SeizureTracker;
			sourceTree = "<group>";
		};
		4DB4CE81B2747D70D47F3359 /* Models */ = {
			isa = PBXGroup;
			children = (
				FFC9F0B3866587BB658728CC /* Medication.swift */,
				EC114D569FA2BB5268027270 /* MedicationLog.swift */,
			);
			name = Models;
			path = Models;
			sourceTree = "<group>";
		};
		640E48CA3560D6A6FD872164 /* Features */ = {
			isa = PBXGroup;
			children = (
				3DF03898E8E23F8A6F3AD898 /* EyeGame */,
				FF73047AF79785239EF0DA3F /* MedicationTracker */,
				A69535816D7BE3DA285C6324 /* News */,
				4534266D9404035C43FDF1FF /* SeizureTracker */,
				29BC2B8B3F59C3186D203895 /* Settings */,
			);
			name = Features;
			path = Features;
			sourceTree = "<group>";
		};
		6A8883914EB67A8E2A7DD0B1 /* iOS */ = {
			isa = PBXGroup;
			children = (
				3C1C4D646FBDB39EF276C8FC /* Foundation.framework */,
			);
			name = iOS;
			sourceTree = "<group>";
		};
		8A84787B42D6899177434B46 = {
			isa = PBXGroup;
			children = (
				F93061D35F70F82B10C89DC5 /* Products */,
				9329F818A53073362223F302 /* Frameworks */,
				28C060F1184C4127DCEB91CB /* RettApp */,
				93FD1B0A78EE42D79BEAD45E /* RettAppTests */,
			);
			sourceTree = "<group>";
		};
		90BAEA35310E8BA327061EE0 /* Core */ = {
			isa = PBXGroup;
			children = (
				A6E68119BB1280D0FB35A103 /* Auth */,
				372D410EADC9DD07241202D0 /* HealthKit */,
				A5E12772E4A37F42CD3D1C52 /* Profile */,
			);
			name = Core;
			path = Core;
			sourceTree = "<group>";
		};
		9329F818A53073362223F302 /* Frameworks */ = {
			isa = PBXGroup;
			children = (
				6A8883914EB67A8E2A7DD0B1 /* iOS */,
			);
			name = Frameworks;
			sourceTree = "<group>";
		};
		93FD1B0A78EE42D79BEAD45E /* RettAppTests */ = {
			isa = PBXGroup;
			children = (
				99A6F5A707E820E66015C497 /* GazeProcessorTests.swift */,
				9CACF7F919D67497F08D737B /* SeizureViewModelTests.swift */,
			);
			name = RettAppTests;
			path = RettAppTests;
			sourceTree = "<group>";
		};
		98ABF5C1B70D1C1AA9FB13AE /* Resources */ = {
			isa = PBXGroup;
			children = (
				EEB1F2B12BCAB980E5A80748 /* Assets.xcassets */,
				423E7A863DEDCE1C61FB787E /* Localizable.strings */,
			);
			name = Resources;
			path = Resources;
			sourceTree = "<group>";
		};
		A5E12772E4A37F42CD3D1C52 /* Profile */ = {
			isa = PBXGroup;
			children = (
				387E543C0C4B1878E0D6C338 /* ChildProfile.swift */,
				4B74F21A1BABDCEB4A35D41D /* ProfileSetupView.swift */,
			);
			name = Profile;
			path = Profile;
			sourceTree = "<group>";
		};
		A69535816D7BE3DA285C6324 /* News */ = {
			isa = PBXGroup;
			children = (
				246BD5C4E8DAAFCDD103BF30 /* Models */,
				309D4665866EF110162F3F66 /* NewsDetailView.swift */,
				9AFEE568E01ED4760F4A6A07 /* NewsListView.swift */,
				165A47AF07BFC9AB0A6E299A /* NewsViewModel.swift */,
			);
			name = News;
			path = News;
			sourceTree = "<group>";
		};
		A6E68119BB1280D0FB35A103 /* Auth */ = {
			isa = PBXGroup;
			children = (
				2A3E72CEDF89545F2599C47D /* AuthManager.swift */,
				5142120BEE3AD43D3137D65A /* SignInView.swift */,
			);
			name = Auth;
			path = Auth;
			sourceTree = "<group>";
		};
		BA7FAD36B474EE73E8DF8B59 /* Shared */ = {
			isa = PBXGroup;
			children = (
				1CDD8AA768AEB27FD9891DF8 /* Components */,
				37E8C3C650F9A8D3D94A6ABA /* PreviewData.swift */,
				1038CD6D6CC3F36D6BCADC0D /* Theme */,
			);
			name = Shared;
			path = Shared;
			sourceTree = "<group>";
		};
		F93061D35F70F82B10C89DC5 /* Products */ = {
			isa = PBXGroup;
			children = (
				7B6DB9E563BA6BC7CD833D0E /* RettApp.app */,
				829394A9B72D7C917F502C0D /* RettAppTests.xctest */,
			);
			name = Products;
			sourceTree = "<group>";
		};
		FF73047AF79785239EF0DA3F /* MedicationTracker */ = {
			isa = PBXGroup;
			children = (
				EAD235319A164EF788C0C9D2 /* MedicationListView.swift */,
				A537A197308F112D0D0E4228 /* MedicationLogView.swift */,
				58F48D4C291E2B4303DEA125 /* MedicationViewModel.swift */,
				4DB4CE81B2747D70D47F3359 /* Models */,
			);
			name = MedicationTracker;
			path = MedicationTracker;
			sourceTree = "<group>";
		};
/* End PBXGroup section */

/* Begin PBXNativeTarget section */
		1895BA5E1D864AC25A9C0FD8 /* RettAppTests */ = {
			isa = PBXNativeTarget;
			buildConfigurationList = 3B5DEF50D158CC076CDC4502 /* Build configuration list for PBXNativeTarget "RettAppTests" */;
			buildPhases = (
				E4F2E29C31AE73259BD0B42B /* Sources */,
				82CBC2E0D6FB7675D8005CA8 /* Frameworks */,
				985ACC03C0F364E3AAAF87CC /* Resources */,
			);
			buildRules = (
			);
			dependencies = (
				B1713C6AF72FF7481586CF56 /* PBXTargetDependency */,
			);
			name = RettAppTests;
			productName = RettAppTests;
			productReference = 829394A9B72D7C917F502C0D /* RettAppTests.xctest */;
			productType = "com.apple.product-type.bundle.unit-test";
		};
		FBCD3F875FDF8840E59DDA99 /* RettApp */ = {
			isa = PBXNativeTarget;
			buildConfigurationList = C6F60210BFA39108EE0B47D8 /* Build configuration list for PBXNativeTarget "RettApp" */;
			buildPhases = (
				799EAB8A877B45B538E7D300 /* Sources */,
				F45A0F37C129D2CD274DF222 /* Frameworks */,
				411E71ABA3C814CBFB37ADC8 /* Resources */,
			);
			buildRules = (
			);
			dependencies = (
			);
			name = RettApp;
			productName = RettApp;
			productReference = 7B6DB9E563BA6BC7CD833D0E /* RettApp.app */;
			productType = "com.apple.product-type.application";
		};
/* End PBXNativeTarget section */

/* Begin PBXProject section */
		62A8A1183F78E6D91F046D0A /* Project object */ = {
			isa = PBXProject;
			attributes = {
				LastSwiftUpdateCheck = 1600;
				LastUpgradeCheck = 1600;
			};
			buildConfigurationList = 5600F2FE06F3B2E621EC7D86 /* Build configuration list for PBXProject "RettApp" */;
			compatibilityVersion = "Xcode 3.2";
			developmentRegion = fr;
			hasScannedForEncodings = 0;
			knownRegions = (
				fr,
				Base,
				en,
			);
			mainGroup = 8A84787B42D6899177434B46;
			minimizedProjectReferenceProxies = 0;
			preferredProjectObjectVersion = 77;
			productRefGroup = F93061D35F70F82B10C89DC5 /* Products */;
			projectDirPath = "";
			projectRoot = "";
			targets = (
				FBCD3F875FDF8840E59DDA99 /* RettApp */,
				1895BA5E1D864AC25A9C0FD8 /* RettAppTests */,
			);
		};
/* End PBXProject section */

/* Begin PBXResourcesBuildPhase section */
		411E71ABA3C814CBFB37ADC8 /* Resources */ = {
			isa = PBXResourcesBuildPhase;
			buildActionMask = 2147483647;
			files = (
				8BAA5F7804B0EDB217FCB4C5 /* Assets.xcassets in Resources */,
				9CC41E993FB73C2E8967DBF4 /* Localizable.strings in Resources */,
			);
			runOnlyForDeploymentPostprocessing = 0;
		};
		985ACC03C0F364E3AAAF87CC /* Resources */ = {
			isa = PBXResourcesBuildPhase;
			buildActionMask = 2147483647;
			files = (
			);
			runOnlyForDeploymentPostprocessing = 0;
		};
/* End PBXResourcesBuildPhase section */

/* Begin PBXSourcesBuildPhase section */
		799EAB8A877B45B538E7D300 /* Sources */ = {
			isa = PBXSourcesBuildPhase;
			buildActionMask = 2147483647;
			files = (
				3A48B75F79DFAB83B75730A1 /* ContentView.swift in Sources */,
				60E7883F911CD25D51F40460 /* AuthManager.swift in Sources */,
				D5F5EC018C54ABC90B3CE337 /* SignInView.swift in Sources */,
				4CA668554E8C334B5E276B90 /* HealthKitManager.swift in Sources */,
				B0303E51C7FA8F542B9E37A9 /* ChildProfile.swift in Sources */,
				E2B0E86E855CC5E3140587B1 /* ProfileSetupView.swift in Sources */,
				248AA1D75BE774DF07FFAFA1 /* ARViewController.swift in Sources */,
				35E9D75384619DCE207FA296 /* EyeGameView.swift in Sources */,
				7CEE9AADD431374B8FC07D83 /* EyeGameViewModel.swift in Sources */,
				C609107243CA02C17402D136 /* GazeProcessor.swift in Sources */,
				6CA555CAE7517ACD30E9D969 /* MedicationListView.swift in Sources */,
				B36D9F95A27E45DBD8B2AFB5 /* MedicationLogView.swift in Sources */,
				FC941DBD289B872715823D7B /* MedicationViewModel.swift in Sources */,
				34786A9128CC5297CE5F954D /* Medication.swift in Sources */,
				C6300B218E75F21AAEE64470 /* MedicationLog.swift in Sources */,
				98E3C6A1F46312B16EA912CA /* NewsArticle.swift in Sources */,
				87EE807B778AEE16C1F294E0 /* NewsDetailView.swift in Sources */,
				C0031202CF20EE1ED81EF93E /* NewsListView.swift in Sources */,
				1D0B7335A714664C86081A48 /* NewsViewModel.swift in Sources */,
				71DB22D9801565F26A10596F /* SeizureEvent.swift in Sources */,
				5CFD506F9A99227E87577A30 /* SeizureHistoryView.swift in Sources */,
				EA56681F0211B79CCAF78757 /* SeizureTrackerView.swift in Sources */,
				F3813254C9BEE8B38F3B0F64 /* SeizureTrackerViewModel.swift in Sources */,
				B55646578CDFF4003B6F8B82 /* SettingsView.swift in Sources */,
				453E0878538CADF894BADF29 /* RettAppApp.swift in Sources */,
				2C23D78427042E185C07B5A3 /* AFSRButton.swift in Sources */,
				78FFBE343139A853CFA248F0 /* EmptyStateView.swift in Sources */,
				C127A19A9D8630DB4D7B27E5 /* SectionCard.swift in Sources */,
				4CED80A841BDD75F7E112625 /* PreviewData.swift in Sources */,
				7ED6BD62DA6CCC42D934D3A4 /* AFSRTheme.swift in Sources */,
				0147BBACD11B4C4A5A9D287E /* HourMinute.swift in Sources */,
			);
			runOnlyForDeploymentPostprocessing = 0;
		};
		E4F2E29C31AE73259BD0B42B /* Sources */ = {
			isa = PBXSourcesBuildPhase;
			buildActionMask = 2147483647;
			files = (
				2317EE6A26AB99F40CC7ABA6 /* GazeProcessorTests.swift in Sources */,
				69FDCFF47AE9BBA1E24D22A1 /* SeizureViewModelTests.swift in Sources */,
			);
			runOnlyForDeploymentPostprocessing = 0;
		};
/* End PBXSourcesBuildPhase section */

/* Begin PBXTargetDependency section */
		B1713C6AF72FF7481586CF56 /* PBXTargetDependency */ = {
			isa = PBXTargetDependency;
			name = RettApp;
			target = FBCD3F875FDF8840E59DDA99 /* RettApp */;
			targetProxy = A12B93889DE2959CEEA26883 /* PBXContainerItemProxy */;
		};
/* End PBXTargetDependency section */

/* Begin XCBuildConfiguration section */
		0F625C7F8215E25748F71F0D /* Release */ = {
			isa = XCBuildConfiguration;
			buildSettings = {
				ALWAYS_SEARCH_USER_PATHS = NO;
				CLANG_ANALYZER_NONNULL = YES;
				CLANG_ANALYZER_NUMBER_OBJECT_CONVERSION = YES_AGGRESSIVE;
				CLANG_CXX_LANGUAGE_STANDARD = "gnu++14";
				CLANG_CXX_LIBRARY = "libc++";
				CLANG_ENABLE_MODULES = YES;
				CLANG_ENABLE_OBJC_ARC = YES;
				CLANG_ENABLE_OBJC_WEAK = YES;
				CLANG_WARN_BLOCK_CAPTURE_AUTORELEASING = YES;
				CLANG_WARN_BOOL_CONVERSION = YES;
				CLANG_WARN_COMMA = YES;
				CLANG_WARN_CONSTANT_CONVERSION = YES;
				CLANG_WARN_DEPRECATED_OBJC_IMPLEMENTATIONS = YES;
				CLANG_WARN_DIRECT_OBJC_ISA_USAGE = YES_ERROR;
				CLANG_WARN_DOCUMENTATION_COMMENTS = YES;
				CLANG_WARN_EMPTY_BODY = YES;
				CLANG_WARN_ENUM_CONVERSION = YES;
				CLANG_WARN_INFINITE_RECURSION = YES;
				CLANG_WARN_INT_CONVERSION = YES;
				CLANG_WARN_NON_LITERAL_NULL_CONVERSION = YES;
				CLANG_WARN_OBJC_IMPLICIT_RETAIN_SELF = YES;
				CLANG_WARN_OBJC_LITERAL_CONVERSION = YES;
				CLANG_WARN_OBJC_ROOT_CLASS = YES_ERROR;
				CLANG_WARN_QUOTED_INCLUDE_IN_FRAMEWORK_HEADER = YES;
				CLANG_WARN_RANGE_LOOP_ANALYSIS = YES;
				CLANG_WARN_STRICT_PROTOTYPES = YES;
				CLANG_WARN_SUSPICIOUS_MOVE = YES;
				CLANG_WARN_UNGUARDED_AVAILABILITY = YES_AGGRESSIVE;
				CLANG_WARN_UNREACHABLE_CODE = YES;
				CLANG_WARN__DUPLICATE_METHOD_MATCH = YES;
				COPY_PHASE_STRIP = NO;
				DEBUG_INFORMATION_FORMAT = "dwarf-with-dsym";
				ENABLE_BITCODE = NO;
				ENABLE_NS_ASSERTIONS = NO;
				ENABLE_STRICT_OBJC_MSGSEND = YES;
				GCC_C_LANGUAGE_STANDARD = gnu11;
				GCC_NO_COMMON_BLOCKS = YES;
				GCC_WARN_64_TO_32_BIT_CONVERSION = YES;
				GCC_WARN_ABOUT_RETURN_TYPE = YES_ERROR;
				GCC_WARN_UNDECLARED_SELECTOR = YES;
				GCC_WARN_UNINITIALIZED_AUTOS = YES_AGGRESSIVE;
				GCC_WARN_UNUSED_FUNCTION = YES;
				GCC_WARN_UNUSED_VARIABLE = YES;
				IPHONEOS_DEPLOYMENT_TARGET = 17.0;
				MTL_ENABLE_DEBUG_INFO = NO;
				MTL_FAST_MATH = YES;
				PRODUCT_NAME = "$(TARGET_NAME)";
				SWIFT_COMPILATION_MODE = wholemodule;
				SWIFT_OPTIMIZATION_LEVEL = "-O";
				SWIFT_VERSION = 5.9;
			};
			name = Release;
		};
		190F14838B6ED721A99A5FA6 /* Debug */ = {
			isa = XCBuildConfiguration;
			buildSettings = {
				BUNDLE_LOADER = "$(TEST_HOST)";
				CLANG_ENABLE_OBJC_WEAK = NO;
				GENERATE_INFOPLIST_FILE = YES;
				IPHONEOS_DEPLOYMENT_TARGET = 17.0;
				PRODUCT_BUNDLE_IDENTIFIER = fr.afsr.RettApp.tests;
				PRODUCT_NAME = RettAppTests;
				SDKROOT = iphoneos;
				SWIFT_VERSION = 5.9;
				TEST_HOST = "$(BUILT_PRODUCTS_DIR)/RettApp.app/$(BUNDLE_EXECUTABLE_FOLDER_PATH)/RettApp";
			};
			name = Debug;
		};
		68E61457671993A7C556A425 /* Debug */ = {
			isa = XCBuildConfiguration;
			buildSettings = {
				ALWAYS_SEARCH_USER_PATHS = NO;
				CLANG_ANALYZER_NONNULL = YES;
				CLANG_ANALYZER_NUMBER_OBJECT_CONVERSION = YES_AGGRESSIVE;
				CLANG_CXX_LANGUAGE_STANDARD = "gnu++14";
				CLANG_CXX_LIBRARY = "libc++";
				CLANG_ENABLE_MODULES = YES;
				CLANG_ENABLE_OBJC_ARC = YES;
				CLANG_ENABLE_OBJC_WEAK = YES;
				CLANG_WARN_BLOCK_CAPTURE_AUTORELEASING = YES;
				CLANG_WARN_BOOL_CONVERSION = YES;
				CLANG_WARN_COMMA = YES;
				CLANG_WARN_CONSTANT_CONVERSION = YES;
				CLANG_WARN_DEPRECATED_OBJC_IMPLEMENTATIONS = YES;
				CLANG_WARN_DIRECT_OBJC_ISA_USAGE = YES_ERROR;
				CLANG_WARN_DOCUMENTATION_COMMENTS = YES;
				CLANG_WARN_EMPTY_BODY = YES;
				CLANG_WARN_ENUM_CONVERSION = YES;
				CLANG_WARN_INFINITE_RECURSION = YES;
				CLANG_WARN_INT_CONVERSION = YES;
				CLANG_WARN_NON_LITERAL_NULL_CONVERSION = YES;
				CLANG_WARN_OBJC_IMPLICIT_RETAIN_SELF = YES;
				CLANG_WARN_OBJC_LITERAL_CONVERSION = YES;
				CLANG_WARN_OBJC_ROOT_CLASS = YES_ERROR;
				CLANG_WARN_QUOTED_INCLUDE_IN_FRAMEWORK_HEADER = YES;
				CLANG_WARN_RANGE_LOOP_ANALYSIS = YES;
				CLANG_WARN_STRICT_PROTOTYPES = YES;
				CLANG_WARN_SUSPICIOUS_MOVE = YES;
				CLANG_WARN_UNGUARDED_AVAILABILITY = YES_AGGRESSIVE;
				CLANG_WARN_UNREACHABLE_CODE = YES;
				CLANG_WARN__DUPLICATE_METHOD_MATCH = YES;
				COPY_PHASE_STRIP = NO;
				DEBUG_INFORMATION_FORMAT = dwarf;
				ENABLE_BITCODE = NO;
				ENABLE_STRICT_OBJC_MSGSEND = YES;
				ENABLE_TESTABILITY = YES;
				GCC_C_LANGUAGE_STANDARD = gnu11;
				GCC_DYNAMIC_NO_PIC = NO;
				GCC_NO_COMMON_BLOCKS = YES;
				GCC_OPTIMIZATION_LEVEL = 0;
				GCC_PREPROCESSOR_DEFINITIONS = (
					"DEBUG=1",
					"$(inherited)",
				);
				GCC_WARN_64_TO_32_BIT_CONVERSION = YES;
				GCC_WARN_ABOUT_RETURN_TYPE = YES_ERROR;
				GCC_WARN_UNDECLARED_SELECTOR = YES;
				GCC_WARN_UNINITIALIZED_AUTOS = YES_AGGRESSIVE;
				GCC_WARN_UNUSED_FUNCTION = YES;
				GCC_WARN_UNUSED_VARIABLE = YES;
				IPHONEOS_DEPLOYMENT_TARGET = 17.0;
				MTL_ENABLE_DEBUG_INFO = INCLUDE_SOURCE;
				MTL_FAST_MATH = YES;
				ONLY_ACTIVE_ARCH = YES;
				PRODUCT_NAME = "$(TARGET_NAME)";
				SWIFT_ACTIVE_COMPILATION_CONDITIONS = DEBUG;
				SWIFT_OPTIMIZATION_LEVEL = "-Onone";
				SWIFT_VERSION = 5.9;
			};
			name = Debug;
		};
		A691B4B0E2C0E294BD7CE16E /* Release */ = {
			isa = XCBuildConfiguration;
			buildSettings = {
				BUNDLE_LOADER = "$(TEST_HOST)";
				CLANG_ENABLE_OBJC_WEAK = NO;
				GENERATE_INFOPLIST_FILE = YES;
				IPHONEOS_DEPLOYMENT_TARGET = 17.0;
				PRODUCT_BUNDLE_IDENTIFIER = fr.afsr.RettApp.tests;
				PRODUCT_NAME = RettAppTests;
				SDKROOT = iphoneos;
				SWIFT_VERSION = 5.9;
				TEST_HOST = "$(BUILT_PRODUCTS_DIR)/RettApp.app/$(BUNDLE_EXECUTABLE_FOLDER_PATH)/RettApp";
				VALIDATE_PRODUCT = YES;
			};
			name = Release;
		};
		DDB0C2532FDD36E4B3E73E27 /* Release */ = {
			isa = XCBuildConfiguration;
			buildSettings = {
				ASSETCATALOG_COMPILER_APPICON_NAME = AppIcon;
				ASSETCATALOG_COMPILER_GLOBAL_ACCENT_COLOR_NAME = AccentColor;
				CLANG_ENABLE_OBJC_WEAK = NO;
				CODE_SIGN_ENTITLEMENTS = RettApp/Resources/RettApp.entitlements;
				CURRENT_PROJECT_VERSION = 1;
				DEVELOPMENT_ASSET_PATHS = "";
				ENABLE_USER_SCRIPT_SANDBOXING = YES;
				GENERATE_INFOPLIST_FILE = NO;
				INFOPLIST_FILE = RettApp/Resources/Info.plist;
				INFOPLIST_KEY_UILaunchScreen_Generation = YES;
				INFOPLIST_KEY_UISupportedInterfaceOrientations_iPad = "UIInterfaceOrientationPortrait UIInterfaceOrientationPortraitUpsideDown UIInterfaceOrientationLandscapeLeft UIInterfaceOrientationLandscapeRight";
				INFOPLIST_KEY_UISupportedInterfaceOrientations_iPhone = "UIInterfaceOrientationPortrait UIInterfaceOrientationLandscapeLeft UIInterfaceOrientationLandscapeRight";
				IPHONEOS_DEPLOYMENT_TARGET = 17.0;
				LD_RUNPATH_SEARCH_PATHS = "$(inherited) @executable_path/Frameworks";
				MARKETING_VERSION = 1.0;
				PRODUCT_BUNDLE_IDENTIFIER = fr.afsr.RettApp;
				PRODUCT_NAME = RettApp;
				SDKROOT = iphoneos;
				SUPPORTS_MACCATALYST = NO;
				SWIFT_EMIT_LOC_STRINGS = YES;
				SWIFT_OPTIMIZATION_LEVEL = "-O";
				SWIFT_VERSION = 5.9;
				TARGETED_DEVICE_FAMILY = "1,2";
				VALIDATE_PRODUCT = YES;
			};
			name = Release;
		};
		FC6BB37F52AF54FD10695BC6 /* Debug */ = {
			isa = XCBuildConfiguration;
			buildSettings = {
				ASSETCATALOG_COMPILER_APPICON_NAME = AppIcon;
				ASSETCATALOG_COMPILER_GLOBAL_ACCENT_COLOR_NAME = AccentColor;
				CLANG_ENABLE_OBJC_WEAK = NO;
				CODE_SIGN_ENTITLEMENTS = RettApp/Resources/RettApp.entitlements;
				CURRENT_PROJECT_VERSION = 1;
				DEVELOPMENT_ASSET_PATHS = "";
				ENABLE_USER_SCRIPT_SANDBOXING = YES;
				GENERATE_INFOPLIST_FILE = NO;
				INFOPLIST_FILE = RettApp/Resources/Info.plist;
				INFOPLIST_KEY_UILaunchScreen_Generation = YES;
				INFOPLIST_KEY_UISupportedInterfaceOrientations_iPad = "UIInterfaceOrientationPortrait UIInterfaceOrientationPortraitUpsideDown UIInterfaceOrientationLandscapeLeft UIInterfaceOrientationLandscapeRight";
				INFOPLIST_KEY_UISupportedInterfaceOrientations_iPhone = "UIInterfaceOrientationPortrait UIInterfaceOrientationLandscapeLeft UIInterfaceOrientationLandscapeRight";
				IPHONEOS_DEPLOYMENT_TARGET = 17.0;
				LD_RUNPATH_SEARCH_PATHS = "$(inherited) @executable_path/Frameworks";
				MARKETING_VERSION = 1.0;
				PRODUCT_BUNDLE_IDENTIFIER = fr.afsr.RettApp;
				PRODUCT_NAME = RettApp;
				SDKROOT = iphoneos;
				SUPPORTS_MACCATALYST = NO;
				SWIFT_ACTIVE_COMPILATION_CONDITIONS = DEBUG;
				SWIFT_EMIT_LOC_STRINGS = YES;
				SWIFT_OPTIMIZATION_LEVEL = "-Onone";
				SWIFT_VERSION = 5.9;
				TARGETED_DEVICE_FAMILY = "1,2";
			};
			name = Debug;
		};
/* End XCBuildConfiguration section */

/* Begin XCConfigurationList section */
		3B5DEF50D158CC076CDC4502 /* Build configuration list for PBXNativeTarget "RettAppTests" */ = {
			isa = XCConfigurationList;
			buildConfigurations = (
				A691B4B0E2C0E294BD7CE16E /* Release */,
				190F14838B6ED721A99A5FA6 /* Debug */,
			);
			defaultConfigurationIsVisible = 0;
			defaultConfigurationName = Release;
		};
		5600F2FE06F3B2E621EC7D86 /* Build configuration list for PBXProject "RettApp" */ = {
			isa = XCConfigurationList;
			buildConfigurations = (
				68E61457671993A7C556A425 /* Debug */,
				0F625C7F8215E25748F71F0D /* Release */,
			);
			defaultConfigurationIsVisible = 0;
			defaultConfigurationName = Release;
		};
		C6F60210BFA39108EE0B47D8 /* Build configuration list for PBXNativeTarget "RettApp" */ = {
			isa = XCConfigurationList;
			buildConfigurations = (
				DDB0C2532FDD36E4B3E73E27 /* Release */,
				FC6BB37F52AF54FD10695BC6 /* Debug */,
			);
			defaultConfigurationIsVisible = 0;
			defaultConfigurationName = Release;
		};
/* End XCConfigurationList section */
	};
	rootObject = 62A8A1183F78E6D91F046D0A /* Project object */;
}
