// !$*UTF8*$!
{
	archiveVersion = 1;
	classes = {
	};
	objectVersion = 46;
	objects = {

/* Begin PBXBuildFile section */
		068BC0308A5EA0594B6B9B9E /* ChildProfile.swift in Sources */ = {isa = PBXBuildFile; fileRef = 2E71D71BAA834EA591FA556A /* ChildProfile.swift */; };
		0989B67D5E4795D564B10CCB /* MedicationImporter.swift in Sources */ = {isa = PBXBuildFile; fileRef = 3416388B4E3F28BC6E49392F /* MedicationImporter.swift */; };
		0CF3D5AE478586FD2EAFE25E /* AuthManager.swift in Sources */ = {isa = PBXBuildFile; fileRef = 3A0376EAE18892BDC834CDA3 /* AuthManager.swift */; };
		0D7205E5EB69DA8F1814CFF3 /* EmptyStateView.swift in Sources */ = {isa = PBXBuildFile; fileRef = E53F01C2A360213A016F1BC6 /* EmptyStateView.swift */; };
		0F3F8F9E47A76F2F66A935A6 /* Foundation.framework in Frameworks */ = {isa = PBXBuildFile; fileRef = C177B25BF0D7B51208B7C9B3 /* Foundation.framework */; };
		1FD504DCE76963934B089B3D /* SeizureHistoryView.swift in Sources */ = {isa = PBXBuildFile; fileRef = 4CBEFBF2ADE2D82D9E08E8B3 /* SeizureHistoryView.swift */; };
		216CE5A8DEBCECAF3CC7774F /* DashboardViewModel.swift in Sources */ = {isa = PBXBuildFile; fileRef = 9391B80AA84774FC92659F5F /* DashboardViewModel.swift */; };
		25C28EA8E6DC53A536AC3FD6 /* FeatureFlags.swift in Sources */ = {isa = PBXBuildFile; fileRef = 31C8C97C52907BDE18F716BB /* FeatureFlags.swift */; };
		2BB4958B0AFBE0387335FED4 /* NewsViewModel.swift in Sources */ = {isa = PBXBuildFile; fileRef = AF2A516E66E76F59694E3D78 /* NewsViewModel.swift */; };
		2D9496289390428BC4A3725B /* AdHocLogSheet.swift in Sources */ = {isa = PBXBuildFile; fileRef = 96C4FB14171B995BF7C4380C /* AdHocLogSheet.swift */; };
		2FA5746EE169946A599D86FB /* MoodSheet.swift in Sources */ = {isa = PBXBuildFile; fileRef = 68250D988AD43CA52BBFBC7D /* MoodSheet.swift */; };
		3CF4BD692107C18633A373EE /* Localizable.strings in Resources */ = {isa = PBXBuildFile; fileRef = 3CB602A2BEAD766171310C67 /* Localizable.strings */; };
		44053BB9ED2FD45EE8D33AEB /* DailyObservationSheet.swift in Sources */ = {isa = PBXBuildFile; fileRef = 86C974652CD47CA56EB17284 /* DailyObservationSheet.swift */; };
		453193002ED544ED6E6573B8 /* ChartImageRenderer.swift in Sources */ = {isa = PBXBuildFile; fileRef = 4E7316522B2F22C57EAA2813 /* ChartImageRenderer.swift */; };
		454A4CDDFDC8DF0986F5DD26 /* Assets.xcassets in Resources */ = {isa = PBXBuildFile; fileRef = 73984A5B7068BFDBB9F01C97 /* Assets.xcassets */; };
		54739E7F5CA22FF78656A0B0 /* AFSRButton.swift in Sources */ = {isa = PBXBuildFile; fileRef = 2AFB4C0EB3ADE1162235E26B /* AFSRButton.swift */; };
		59C591E9E32C7E6FF6F68C02 /* DailyObservation.swift in Sources */ = {isa = PBXBuildFile; fileRef = 0377342423205E694DA9D916 /* DailyObservation.swift */; };
		6273F775EEE090B1E1CFBA1B /* SeizureEvent.swift in Sources */ = {isa = PBXBuildFile; fileRef = 505775268E9ED7FA89475601 /* SeizureEvent.swift */; };
		68510197618091B639A56689 /* EyeGameViewModel.swift in Sources */ = {isa = PBXBuildFile; fileRef = 078A7605C5BD7C900BE7F34A /* EyeGameViewModel.swift */; };
		76F075164A16BC179B8F8E1D /* MedicationLog.swift in Sources */ = {isa = PBXBuildFile; fileRef = 5C58C380088079E708B9645F /* MedicationLog.swift */; };
		7F02F4E8C728A304FBAE6D76 /* ContentView.swift in Sources */ = {isa = PBXBuildFile; fileRef = 49BF756E1C320219F835A19D /* ContentView.swift */; };
		84FCEF2F2FBD20B2A5883B12 /* EyeGameView.swift in Sources */ = {isa = PBXBuildFile; fileRef = 82E5E40872A8CCC15702C4F9 /* EyeGameView.swift */; };
		85EBFD401AC58EA8BA129D18 /* Foundation.framework in Frameworks */ = {isa = PBXBuildFile; fileRef = C177B25BF0D7B51208B7C9B3 /* Foundation.framework */; };
		8CA17C06167E211E08C2359C /* EyeGameSettings.swift in Sources */ = {isa = PBXBuildFile; fileRef = 09CD2429FC73871CB1642734 /* EyeGameSettings.swift */; };
		92EEB42EDE0F4DDAB754C2A4 /* NewsDetailView.swift in Sources */ = {isa = PBXBuildFile; fileRef = FF70138AC01F890BDBC147AA /* NewsDetailView.swift */; };
		92F15FDA09FD5054098199AE /* AFSRTheme.swift in Sources */ = {isa = PBXBuildFile; fileRef = 135024E0568B2AF6660036C2 /* AFSRTheme.swift */; };
		981D822A90CDFC8BE54F3760 /* Medication.swift in Sources */ = {isa = PBXBuildFile; fileRef = 9457F812F076AEB81CCC6457 /* Medication.swift */; };
		9982C67205EDE94B35A6D280 /* FollowUpBookletGenerator.swift in Sources */ = {isa = PBXBuildFile; fileRef = 361DE206D7A6E955EB14F277 /* FollowUpBookletGenerator.swift */; };
		9D838968724DB6DBD47102DD /* CSVImportMenu.swift in Sources */ = {isa = PBXBuildFile; fileRef = A2B9970E88393B70F1FE3DD2 /* CSVImportMenu.swift */; };
		A16318FD174D56F280B961AA /* RettAppApp.swift in Sources */ = {isa = PBXBuildFile; fileRef = AA2622487254A0011238A5E7 /* RettAppApp.swift */; };
		A20F4B286097762B9C0ADE76 /* SettingsView.swift in Sources */ = {isa = PBXBuildFile; fileRef = B5C456DB81D4F762251554A6 /* SettingsView.swift */; };
		A41CD9F0F19D936DFC575C0F /* MedicationViewModel.swift in Sources */ = {isa = PBXBuildFile; fileRef = AA694ABD2A4766B263AC2EEF /* MedicationViewModel.swift */; };
		B23A076DDC313B47D859FFE8 /* GazeProcessor.swift in Sources */ = {isa = PBXBuildFile; fileRef = 56A2FF86D776EB0878D6F5F1 /* GazeProcessor.swift */; };
		B8221969A7FD99F787425319 /* FollowUpBookletView.swift in Sources */ = {isa = PBXBuildFile; fileRef = 2256EC7D41F27E76DAE6E83A /* FollowUpBookletView.swift */; };
		BBD5D1F6D5B333A5A9F35C3F /* HealthKitManager.swift in Sources */ = {isa = PBXBuildFile; fileRef = 460E1BB4534102B17F05EEF0 /* HealthKitManager.swift */; };
		BC78729DB1C1A3FA233218C4 /* MedicalReportView.swift in Sources */ = {isa = PBXBuildFile; fileRef = 7CF2BEE11EF601903C4E29E7 /* MedicalReportView.swift */; };
		BDC5568AAB21CF7CA921751F /* DemoDataGenerator.swift in Sources */ = {isa = PBXBuildFile; fileRef = 99AFB3E98C1A39DBBB7101DD /* DemoDataGenerator.swift */; };
		BE06E0F8A307D8E653CA191A /* MedicationLogView.swift in Sources */ = {isa = PBXBuildFile; fileRef = 8E03EA98E83D8B2DE99F84B4 /* MedicationLogView.swift */; };
		C37E3DDD5B1EA72A78DFE92A /* MedicalReportAnalysis.swift in Sources */ = {isa = PBXBuildFile; fileRef = EE00448F7775C47AE8BC9650 /* MedicalReportAnalysis.swift */; };
		CC7DD053DEE4B2E82891F2A7 /* NewsArticle.swift in Sources */ = {isa = PBXBuildFile; fileRef = 750BCAE3D376971B73122933 /* NewsArticle.swift */; };
		CDB1AF0A6682DC3B3F8CE5B8 /* DashboardView.swift in Sources */ = {isa = PBXBuildFile; fileRef = 78E65C4384D8E351BF345AF5 /* DashboardView.swift */; };
		CE168DBA50F80FC791387ECF /* LaunchScreen.storyboard in Resources */ = {isa = PBXBuildFile; fileRef = FED7366EAE0102CB29DF2C71 /* LaunchScreen.storyboard */; };
		D48DE20F592E5B9FCEB39E92 /* MoodEntry.swift in Sources */ = {isa = PBXBuildFile; fileRef = 1A649EA0C76DC5F0D6342800 /* MoodEntry.swift */; };
		D4CB602E98867062372B7974 /* SeizureViewModelTests.swift in Sources */ = {isa = PBXBuildFile; fileRef = 6C2D9628062911A937837668 /* SeizureViewModelTests.swift */; };
		D65E3E7F065133E8AF1FFBBD /* GazeKalmanFilter.swift in Sources */ = {isa = PBXBuildFile; fileRef = 47AA7D30E95F6D129AAAD833 /* GazeKalmanFilter.swift */; };
		D95455AE74C2D281F835E8CA /* PreviewData.swift in Sources */ = {isa = PBXBuildFile; fileRef = F4AF4B82007C5BEB955B3D0E /* PreviewData.swift */; };
		D9FAFA0DF6ACC16AC58C637F /* EyeGameSettingsSection.swift in Sources */ = {isa = PBXBuildFile; fileRef = E4DF04AD7566AB431FD0C29A /* EyeGameSettingsSection.swift */; };
		DA07E0D1F3EDF91D2AF309C8 /* NewsListView.swift in Sources */ = {isa = PBXBuildFile; fileRef = 4E23A05AE04AD00D539B4893 /* NewsListView.swift */; };
		DB8013CCE03CF35B1E30A922 /* SignInView.swift in Sources */ = {isa = PBXBuildFile; fileRef = BAAF5010C7E888E1EEACE664 /* SignInView.swift */; };
		DD1B656F127E8ACE76030E09 /* ARViewController.swift in Sources */ = {isa = PBXBuildFile; fileRef = A4DF8562F937EF01C73E2A18 /* ARViewController.swift */; };
		E39CF018D897A8EDA87C301B /* GazeCalibrator.swift in Sources */ = {isa = PBXBuildFile; fileRef = 9CB96B768DD094FB6D2B4290 /* GazeCalibrator.swift */; };
		E48CD44EFEA7DDB697EF4F3F /* ProfileSetupView.swift in Sources */ = {isa = PBXBuildFile; fileRef = 7461FAA6A34B939568151BA3 /* ProfileSetupView.swift */; };
		E56C334EC34691601B63F5F6 /* MedicalReportGenerator.swift in Sources */ = {isa = PBXBuildFile; fileRef = 192750FBEBFD50ADC39CF53C /* MedicalReportGenerator.swift */; };
		ED67E50F37E768C97B3ED035 /* SeizureTrackerViewModel.swift in Sources */ = {isa = PBXBuildFile; fileRef = 8F556562904FAE68B0709F74 /* SeizureTrackerViewModel.swift */; };
		EF1E806BEAF1F22CA850ACE9 /* GazeProcessorTests.swift in Sources */ = {isa = PBXBuildFile; fileRef = 8E82563840B058CDE33473C2 /* GazeProcessorTests.swift */; };
		EF2C623BC7728D82281706DD /* SeizureImporter.swift in Sources */ = {isa = PBXBuildFile; fileRef = 68E5BE9023BDB3F5F634B7F1 /* SeizureImporter.swift */; };
		F137E45C23DEDD505E1FF5D2 /* SeizureTrackerView.swift in Sources */ = {isa = PBXBuildFile; fileRef = 43922C8556004A230D3BA896 /* SeizureTrackerView.swift */; };
		F5C18FDE260B6442E1235235 /* CSVParser.swift in Sources */ = {isa = PBXBuildFile; fileRef = 01D383E738E4B070427E1529 /* CSVParser.swift */; };
		FD607EE61FC5FF933F68E289 /* HourMinute.swift in Sources */ = {isa = PBXBuildFile; fileRef = 66107EA942AB7F73E3F4ED8B /* HourMinute.swift */; };
		FE4E2CAE43A4E2A5ACC43211 /* SectionCard.swift in Sources */ = {isa = PBXBuildFile; fileRef = 8127E955F676955AE2D1807A /* SectionCard.swift */; };
		FF64AF594A54875437730F31 /* JournalView.swift in Sources */ = {isa = PBXBuildFile; fileRef = 6CC44A525EC1DD8AE0EBCFC1 /* JournalView.swift */; };
/* End PBXBuildFile section */

/* Begin PBXContainerItemProxy section */
		9F30CA3104E28A1DD6E59D83 /* PBXContainerItemProxy */ = {
			isa = PBXContainerItemProxy;
			containerPortal = D5E641E0A4FD50A2BD8DEC2F /* Project object */;
			proxyType = 1;
			remoteGlobalIDString = 8B36643940E642552997113A;
			remoteInfo = RettApp;
		};
/* End PBXContainerItemProxy section */

/* Begin PBXFileReference section */
		01D383E738E4B070427E1529 /* CSVParser.swift */ = {isa = PBXFileReference; includeInIndex = 1; lastKnownFileType = sourcecode.swift; path = CSVParser.swift; sourceTree = "<group>"; };
		0377342423205E694DA9D916 /* DailyObservation.swift */ = {isa = PBXFileReference; includeInIndex = 1; lastKnownFileType = sourcecode.swift; path = DailyObservation.swift; sourceTree = "<group>"; };
		078A7605C5BD7C900BE7F34A /* EyeGameViewModel.swift */ = {isa = PBXFileReference; includeInIndex = 1; lastKnownFileType = sourcecode.swift; path = EyeGameViewModel.swift; sourceTree = "<group>"; };
		09CD2429FC73871CB1642734 /* EyeGameSettings.swift */ = {isa = PBXFileReference; includeInIndex = 1; lastKnownFileType = sourcecode.swift; path = EyeGameSettings.swift; sourceTree = "<group>"; };
		0D9D815546D8AB8991E6803F /* RettApp.entitlements */ = {isa = PBXFileReference; includeInIndex = 1; lastKnownFileType = text.plist.entitlements; path = RettApp.entitlements; sourceTree = "<group>"; };
		135024E0568B2AF6660036C2 /* AFSRTheme.swift */ = {isa = PBXFileReference; includeInIndex = 1; lastKnownFileType = sourcecode.swift; path = AFSRTheme.swift; sourceTree = "<group>"; };
		192750FBEBFD50ADC39CF53C /* MedicalReportGenerator.swift */ = {isa = PBXFileReference; includeInIndex = 1; lastKnownFileType = sourcecode.swift; path = MedicalReportGenerator.swift; sourceTree = "<group>"; };
		1A649EA0C76DC5F0D6342800 /* MoodEntry.swift */ = {isa = PBXFileReference; includeInIndex = 1; lastKnownFileType = sourcecode.swift; path = MoodEntry.swift; sourceTree = "<group>"; };
		2256EC7D41F27E76DAE6E83A /* FollowUpBookletView.swift */ = {isa = PBXFileReference; includeInIndex = 1; lastKnownFileType = sourcecode.swift; path = FollowUpBookletView.swift; sourceTree = "<group>"; };
		2696CF0774DE1C2AC1CE6A75 /* RettApp.app */ = {isa = PBXFileReference; explicitFileType = wrapper.application; includeInIndex = 0; path = RettApp.app; sourceTree = BUILT_PRODUCTS_DIR; };
		2AFB4C0EB3ADE1162235E26B /* AFSRButton.swift */ = {isa = PBXFileReference; includeInIndex = 1; lastKnownFileType = sourcecode.swift; path = AFSRButton.swift; sourceTree = "<group>"; };
		2E71D71BAA834EA591FA556A /* ChildProfile.swift */ = {isa = PBXFileReference; includeInIndex = 1; lastKnownFileType = sourcecode.swift; path = ChildProfile.swift; sourceTree = "<group>"; };
		31C8C97C52907BDE18F716BB /* FeatureFlags.swift */ = {isa = PBXFileReference; includeInIndex = 1; lastKnownFileType = sourcecode.swift; path = FeatureFlags.swift; sourceTree = "<group>"; };
		3416388B4E3F28BC6E49392F /* MedicationImporter.swift */ = {isa = PBXFileReference; includeInIndex = 1; lastKnownFileType = sourcecode.swift; path = MedicationImporter.swift; sourceTree = "<group>"; };
		361DE206D7A6E955EB14F277 /* FollowUpBookletGenerator.swift */ = {isa = PBXFileReference; includeInIndex = 1; lastKnownFileType = sourcecode.swift; path = FollowUpBookletGenerator.swift; sourceTree = "<group>"; };
		3A0376EAE18892BDC834CDA3 /* AuthManager.swift */ = {isa = PBXFileReference; includeInIndex = 1; lastKnownFileType = sourcecode.swift; path = AuthManager.swift; sourceTree = "<group>"; };
		3CB602A2BEAD766171310C67 /* Localizable.strings */ = {isa = PBXFileReference; includeInIndex = 1; lastKnownFileType = text.plist.strings; path = Localizable.strings; sourceTree = "<group>"; };
		43922C8556004A230D3BA896 /* SeizureTrackerView.swift */ = {isa = PBXFileReference; includeInIndex = 1; lastKnownFileType = sourcecode.swift; path = SeizureTrackerView.swift; sourceTree = "<group>"; };
		460E1BB4534102B17F05EEF0 /* HealthKitManager.swift */ = {isa = PBXFileReference; includeInIndex = 1; lastKnownFileType = sourcecode.swift; path = HealthKitManager.swift; sourceTree = "<group>"; };
		47AA7D30E95F6D129AAAD833 /* GazeKalmanFilter.swift */ = {isa = PBXFileReference; includeInIndex = 1; lastKnownFileType = sourcecode.swift; path = GazeKalmanFilter.swift; sourceTree = "<group>"; };
		49BF756E1C320219F835A19D /* ContentView.swift */ = {isa = PBXFileReference; includeInIndex = 1; lastKnownFileType = sourcecode.swift; path = ContentView.swift; sourceTree = "<group>"; };
		4CBEFBF2ADE2D82D9E08E8B3 /* SeizureHistoryView.swift */ = {isa = PBXFileReference; includeInIndex = 1; lastKnownFileType = sourcecode.swift; path = SeizureHistoryView.swift; sourceTree = "<group>"; };
		4E23A05AE04AD00D539B4893 /* NewsListView.swift */ = {isa = PBXFileReference; includeInIndex = 1; lastKnownFileType = sourcecode.swift; path = NewsListView.swift; sourceTree = "<group>"; };
		4E7316522B2F22C57EAA2813 /* ChartImageRenderer.swift */ = {isa = PBXFileReference; includeInIndex = 1; lastKnownFileType = sourcecode.swift; path = ChartImageRenderer.swift; sourceTree = "<group>"; };
		505775268E9ED7FA89475601 /* SeizureEvent.swift */ = {isa = PBXFileReference; includeInIndex = 1; lastKnownFileType = sourcecode.swift; path = SeizureEvent.swift; sourceTree = "<group>"; };
		56A2FF86D776EB0878D6F5F1 /* GazeProcessor.swift */ = {isa = PBXFileReference; includeInIndex = 1; lastKnownFileType = sourcecode.swift; path = GazeProcessor.swift; sourceTree = "<group>"; };
		59250D6DDFFF1D837F4854A2 /* Info.plist */ = {isa = PBXFileReference; includeInIndex = 1; lastKnownFileType = text.plist.xml; path = Info.plist; sourceTree = "<group>"; };
		59E23E595DF5ECBABD7E7EC2 /* RettAppTests.xctest */ = {isa = PBXFileReference; explicitFileType = wrapper.cfbundle; includeInIndex = 0; path = RettAppTests.xctest; sourceTree = BUILT_PRODUCTS_DIR; };
		5C58C380088079E708B9645F /* MedicationLog.swift */ = {isa = PBXFileReference; includeInIndex = 1; lastKnownFileType = sourcecode.swift; path = MedicationLog.swift; sourceTree = "<group>"; };
		66107EA942AB7F73E3F4ED8B /* HourMinute.swift */ = {isa = PBXFileReference; includeInIndex = 1; lastKnownFileType = sourcecode.swift; path = HourMinute.swift; sourceTree = "<group>"; };
		68250D988AD43CA52BBFBC7D /* MoodSheet.swift */ = {isa = PBXFileReference; includeInIndex = 1; lastKnownFileType = sourcecode.swift; path = MoodSheet.swift; sourceTree = "<group>"; };
		68E5BE9023BDB3F5F634B7F1 /* SeizureImporter.swift */ = {isa = PBXFileReference; includeInIndex = 1; lastKnownFileType = sourcecode.swift; path = SeizureImporter.swift; sourceTree = "<group>"; };
		6C2D9628062911A937837668 /* SeizureViewModelTests.swift */ = {isa = PBXFileReference; includeInIndex = 1; lastKnownFileType = sourcecode.swift; path = SeizureViewModelTests.swift; sourceTree = "<group>"; };
		6CC44A525EC1DD8AE0EBCFC1 /* JournalView.swift */ = {isa = PBXFileReference; includeInIndex = 1; lastKnownFileType = sourcecode.swift; path = JournalView.swift; sourceTree = "<group>"; };
		73984A5B7068BFDBB9F01C97 /* Assets.xcassets */ = {isa = PBXFileReference; includeInIndex = 1; lastKnownFileType = folder.assetcatalog; path = Assets.xcassets; sourceTree = "<group>"; };
		7461FAA6A34B939568151BA3 /* ProfileSetupView.swift */ = {isa = PBXFileReference; includeInIndex = 1; lastKnownFileType = sourcecode.swift; path = ProfileSetupView.swift; sourceTree = "<group>"; };
		750BCAE3D376971B73122933 /* NewsArticle.swift */ = {isa = PBXFileReference; includeInIndex = 1; lastKnownFileType = sourcecode.swift; path = NewsArticle.swift; sourceTree = "<group>"; };
		78E65C4384D8E351BF345AF5 /* DashboardView.swift */ = {isa = PBXFileReference; includeInIndex = 1; lastKnownFileType = sourcecode.swift; path = DashboardView.swift; sourceTree = "<group>"; };
		7CF2BEE11EF601903C4E29E7 /* MedicalReportView.swift */ = {isa = PBXFileReference; includeInIndex = 1; lastKnownFileType = sourcecode.swift; path = MedicalReportView.swift; sourceTree = "<group>"; };
		8127E955F676955AE2D1807A /* SectionCard.swift */ = {isa = PBXFileReference; includeInIndex = 1; lastKnownFileType = sourcecode.swift; path = SectionCard.swift; sourceTree = "<group>"; };
		82E5E40872A8CCC15702C4F9 /* EyeGameView.swift */ = {isa = PBXFileReference; includeInIndex = 1; lastKnownFileType = sourcecode.swift; path = EyeGameView.swift; sourceTree = "<group>"; };
		86C974652CD47CA56EB17284 /* DailyObservationSheet.swift */ = {isa = PBXFileReference; includeInIndex = 1; lastKnownFileType = sourcecode.swift; path = DailyObservationSheet.swift; sourceTree = "<group>"; };
		8E03EA98E83D8B2DE99F84B4 /* MedicationLogView.swift */ = {isa = PBXFileReference; includeInIndex = 1; lastKnownFileType = sourcecode.swift; path = MedicationLogView.swift; sourceTree = "<group>"; };
		8E82563840B058CDE33473C2 /* GazeProcessorTests.swift */ = {isa = PBXFileReference; includeInIndex = 1; lastKnownFileType = sourcecode.swift; path = GazeProcessorTests.swift; sourceTree = "<group>"; };
		8F556562904FAE68B0709F74 /* SeizureTrackerViewModel.swift */ = {isa = PBXFileReference; includeInIndex = 1; lastKnownFileType = sourcecode.swift; path = SeizureTrackerViewModel.swift; sourceTree = "<group>"; };
		9391B80AA84774FC92659F5F /* DashboardViewModel.swift */ = {isa = PBXFileReference; includeInIndex = 1; lastKnownFileType = sourcecode.swift; path = DashboardViewModel.swift; sourceTree = "<group>"; };
		9457F812F076AEB81CCC6457 /* Medication.swift */ = {isa = PBXFileReference; includeInIndex = 1; lastKnownFileType = sourcecode.swift; path = Medication.swift; sourceTree = "<group>"; };
		96C4FB14171B995BF7C4380C /* AdHocLogSheet.swift */ = {isa = PBXFileReference; includeInIndex = 1; lastKnownFileType = sourcecode.swift; path = AdHocLogSheet.swift; sourceTree = "<group>"; };
		99AFB3E98C1A39DBBB7101DD /* DemoDataGenerator.swift */ = {isa = PBXFileReference; includeInIndex = 1; lastKnownFileType = sourcecode.swift; path = DemoDataGenerator.swift; sourceTree = "<group>"; };
		9CB96B768DD094FB6D2B4290 /* GazeCalibrator.swift */ = {isa = PBXFileReference; includeInIndex = 1; lastKnownFileType = sourcecode.swift; path = GazeCalibrator.swift; sourceTree = "<group>"; };
		A2B9970E88393B70F1FE3DD2 /* CSVImportMenu.swift */ = {isa = PBXFileReference; includeInIndex = 1; lastKnownFileType = sourcecode.swift; path = CSVImportMenu.swift; sourceTree = "<group>"; };
		A4DF8562F937EF01C73E2A18 /* ARViewController.swift */ = {isa = PBXFileReference; includeInIndex = 1; lastKnownFileType = sourcecode.swift; path = ARViewController.swift; sourceTree = "<group>"; };
		AA2622487254A0011238A5E7 /* RettAppApp.swift */ = {isa = PBXFileReference; includeInIndex = 1; lastKnownFileType = sourcecode.swift; path = RettAppApp.swift; sourceTree = "<group>"; };
		AA694ABD2A4766B263AC2EEF /* MedicationViewModel.swift */ = {isa = PBXFileReference; includeInIndex = 1; lastKnownFileType = sourcecode.swift; path = MedicationViewModel.swift; sourceTree = "<group>"; };
		AF2A516E66E76F59694E3D78 /* NewsViewModel.swift */ = {isa = PBXFileReference; includeInIndex = 1; lastKnownFileType = sourcecode.swift; path = NewsViewModel.swift; sourceTree = "<group>"; };
		B5C456DB81D4F762251554A6 /* SettingsView.swift */ = {isa = PBXFileReference; includeInIndex = 1; lastKnownFileType = sourcecode.swift; path = SettingsView.swift; sourceTree = "<group>"; };
		BAAF5010C7E888E1EEACE664 /* SignInView.swift */ = {isa = PBXFileReference; includeInIndex = 1; lastKnownFileType = sourcecode.swift; path = SignInView.swift; sourceTree = "<group>"; };
		C177B25BF0D7B51208B7C9B3 /* Foundation.framework */ = {isa = PBXFileReference; lastKnownFileType = wrapper.framework; name = Foundation.framework; path = Platforms/iPhoneOS.platform/Developer/SDKs/iPhoneOS18.0.sdk/System/Library/Frameworks/Foundation.framework; sourceTree = DEVELOPER_DIR; };
		E4DF04AD7566AB431FD0C29A /* EyeGameSettingsSection.swift */ = {isa = PBXFileReference; includeInIndex = 1; lastKnownFileType = sourcecode.swift; path = EyeGameSettingsSection.swift; sourceTree = "<group>"; };
		E53F01C2A360213A016F1BC6 /* EmptyStateView.swift */ = {isa = PBXFileReference; includeInIndex = 1; lastKnownFileType = sourcecode.swift; path = EmptyStateView.swift; sourceTree = "<group>"; };
		EE00448F7775C47AE8BC9650 /* MedicalReportAnalysis.swift */ = {isa = PBXFileReference; includeInIndex = 1; lastKnownFileType = sourcecode.swift; path = MedicalReportAnalysis.swift; sourceTree = "<group>"; };
		F4AF4B82007C5BEB955B3D0E /* PreviewData.swift */ = {isa = PBXFileReference; includeInIndex = 1; lastKnownFileType = sourcecode.swift; path = PreviewData.swift; sourceTree = "<group>"; };
		FED7366EAE0102CB29DF2C71 /* LaunchScreen.storyboard */ = {isa = PBXFileReference; includeInIndex = 1; lastKnownFileType = file.storyboard; path = LaunchScreen.storyboard; sourceTree = "<group>"; };
		FF70138AC01F890BDBC147AA /* NewsDetailView.swift */ = {isa = PBXFileReference; includeInIndex = 1; lastKnownFileType = sourcecode.swift; path = NewsDetailView.swift; sourceTree = "<group>"; };
/* End PBXFileReference section */

/* Begin PBXFrameworksBuildPhase section */
		8A4AC3EABF4F1D05E850C96C /* Frameworks */ = {
			isa = PBXFrameworksBuildPhase;
			buildActionMask = 2147483647;
			files = (
				0F3F8F9E47A76F2F66A935A6 /* Foundation.framework in Frameworks */,
			);
			runOnlyForDeploymentPostprocessing = 0;
		};
		95EBEB577A15336DF70E7856 /* Frameworks */ = {
			isa = PBXFrameworksBuildPhase;
			buildActionMask = 2147483647;
			files = (
				85EBFD401AC58EA8BA129D18 /* Foundation.framework in Frameworks */,
			);
			runOnlyForDeploymentPostprocessing = 0;
		};
/* End PBXFrameworksBuildPhase section */

/* Begin PBXGroup section */
		018D6BCE4FCB1C1EA50D4411 /* Theme */ = {
			isa = PBXGroup;
			children = (
				135024E0568B2AF6660036C2 /* AFSRTheme.swift */,
				66107EA942AB7F73E3F4ED8B /* HourMinute.swift */,
			);
			name = Theme;
			path = Theme;
			sourceTree = "<group>";
		};
		06EFC093C4CA37FEBEC03C76 /* Auth */ = {
			isa = PBXGroup;
			children = (
				3A0376EAE18892BDC834CDA3 /* AuthManager.swift */,
				BAAF5010C7E888E1EEACE664 /* SignInView.swift */,
			);
			name = Auth;
			path = Auth;
			sourceTree = "<group>";
		};
		0FD29815AFA4F09557BC1323 /* SeizureTracker */ = {
			isa = PBXGroup;
			children = (
				3A6378319ADBB90165BF04DE /* Models */,
				4CBEFBF2ADE2D82D9E08E8B3 /* SeizureHistoryView.swift */,
				68E5BE9023BDB3F5F634B7F1 /* SeizureImporter.swift */,
				43922C8556004A230D3BA896 /* SeizureTrackerView.swift */,
				8F556562904FAE68B0709F74 /* SeizureTrackerViewModel.swift */,
			);
			name = SeizureTracker;
			path = SeizureTracker;
			sourceTree = "<group>";
		};
		1F3F98C6C81E95675AFAE69C /* News */ = {
			isa = PBXGroup;
			children = (
				BF5C6E6D5445A69108691AA8 /* Models */,
				FF70138AC01F890BDBC147AA /* NewsDetailView.swift */,
				4E23A05AE04AD00D539B4893 /* NewsListView.swift */,
				AF2A516E66E76F59694E3D78 /* NewsViewModel.swift */,
			);
			name = News;
			path = News;
			sourceTree = "<group>";
		};
		21601B955878D88AEBA1E7C1 /* Core */ = {
			isa = PBXGroup;
			children = (
				06EFC093C4CA37FEBEC03C76 /* Auth */,
				5DEADE1F2EEEDB510C704845 /* HealthKit */,
				99B62B7C2253A9CFB398A458 /* Profile */,
			);
			name = Core;
			path = Core;
			sourceTree = "<group>";
		};
		22FEA94C82E791350DFF8E48 /* Models */ = {
			isa = PBXGroup;
			children = (
				0377342423205E694DA9D916 /* DailyObservation.swift */,
				1A649EA0C76DC5F0D6342800 /* MoodEntry.swift */,
			);
			name = Models;
			path = Models;
			sourceTree = "<group>";
		};
		29044744623C4EF8AE5EBFA8 /* Products */ = {
			isa = PBXGroup;
			children = (
				2696CF0774DE1C2AC1CE6A75 /* RettApp.app */,
				59E23E595DF5ECBABD7E7EC2 /* RettAppTests.xctest */,
			);
			name = Products;
			sourceTree = "<group>";
		};
		34A45CBC60A5E726D4BD251F /* MedicationTracker */ = {
			isa = PBXGroup;
			children = (
				96C4FB14171B995BF7C4380C /* AdHocLogSheet.swift */,
				6CC44A525EC1DD8AE0EBCFC1 /* JournalView.swift */,
				3416388B4E3F28BC6E49392F /* MedicationImporter.swift */,
				8E03EA98E83D8B2DE99F84B4 /* MedicationLogView.swift */,
				AA694ABD2A4766B263AC2EEF /* MedicationViewModel.swift */,
				BCD35EBA1BE16BABED7522C7 /* Models */,
			);
			name = MedicationTracker;
			path = MedicationTracker;
			sourceTree = "<group>";
		};
		3A6378319ADBB90165BF04DE /* Models */ = {
			isa = PBXGroup;
			children = (
				505775268E9ED7FA89475601 /* SeizureEvent.swift */,
			);
			name = Models;
			path = Models;
			sourceTree = "<group>";
		};
		3FF90BFBB202EDF7A2C87591 /* RettApp */ = {
			isa = PBXGroup;
			children = (
				49BF756E1C320219F835A19D /* ContentView.swift */,
				21601B955878D88AEBA1E7C1 /* Core */,
				8CE299AD9591EF7E64786E9E /* Features */,
				4AF112FCD7C802000BC58CEB /* Resources */,
				AA2622487254A0011238A5E7 /* RettAppApp.swift */,
				4551B7E551A641BB9DCD1D6C /* Shared */,
			);
			name = RettApp;
			path = RettApp;
			sourceTree = "<group>";
		};
		4436572BF8D37A94D5207536 /* iOS */ = {
			isa = PBXGroup;
			children = (
				C177B25BF0D7B51208B7C9B3 /* Foundation.framework */,
			);
			name = iOS;
			sourceTree = "<group>";
		};
		4551B7E551A641BB9DCD1D6C /* Shared */ = {
			isa = PBXGroup;
			children = (
				01D383E738E4B070427E1529 /* CSVParser.swift */,
				D7F68137911DD40260F66BC3 /* Components */,
				99AFB3E98C1A39DBBB7101DD /* DemoDataGenerator.swift */,
				31C8C97C52907BDE18F716BB /* FeatureFlags.swift */,
				F4AF4B82007C5BEB955B3D0E /* PreviewData.swift */,
				018D6BCE4FCB1C1EA50D4411 /* Theme */,
			);
			name = Shared;
			path = Shared;
			sourceTree = "<group>";
		};
		4AF112FCD7C802000BC58CEB /* Resources */ = {
			isa = PBXGroup;
			children = (
				73984A5B7068BFDBB9F01C97 /* Assets.xcassets */,
				3CB602A2BEAD766171310C67 /* Localizable.strings */,
				FED7366EAE0102CB29DF2C71 /* LaunchScreen.storyboard */,
				59250D6DDFFF1D837F4854A2 /* Info.plist */,
				0D9D815546D8AB8991E6803F /* RettApp.entitlements */,
			);
			name = Resources;
			path = Resources;
			sourceTree = "<group>";
		};
		5DEADE1F2EEEDB510C704845 /* HealthKit */ = {
			isa = PBXGroup;
			children = (
				460E1BB4534102B17F05EEF0 /* HealthKitManager.swift */,
			);
			name = HealthKit;
			path = HealthKit;
			sourceTree = "<group>";
		};
		651B2FBBDB4622256927B992 /* Dashboard */ = {
			isa = PBXGroup;
			children = (
				78E65C4384D8E351BF345AF5 /* DashboardView.swift */,
				9391B80AA84774FC92659F5F /* DashboardViewModel.swift */,
			);
			name = Dashboard;
			path = Dashboard;
			sourceTree = "<group>";
		};
		66CCC601AE66230037BF95FF /* MoodTracker */ = {
			isa = PBXGroup;
			children = (
				86C974652CD47CA56EB17284 /* DailyObservationSheet.swift */,
				22FEA94C82E791350DFF8E48 /* Models */,
				68250D988AD43CA52BBFBC7D /* MoodSheet.swift */,
			);
			name = MoodTracker;
			path = MoodTracker;
			sourceTree = "<group>";
		};
		80497D7C69F7C8320B0E5299 /* Reports */ = {
			isa = PBXGroup;
			children = (
				4E7316522B2F22C57EAA2813 /* ChartImageRenderer.swift */,
				361DE206D7A6E955EB14F277 /* FollowUpBookletGenerator.swift */,
				2256EC7D41F27E76DAE6E83A /* FollowUpBookletView.swift */,
				EE00448F7775C47AE8BC9650 /* MedicalReportAnalysis.swift */,
				192750FBEBFD50ADC39CF53C /* MedicalReportGenerator.swift */,
				7CF2BEE11EF601903C4E29E7 /* MedicalReportView.swift */,
			);
			name = Reports;
			path = Reports;
			sourceTree = "<group>";
		};
		8CE299AD9591EF7E64786E9E /* Features */ = {
			isa = PBXGroup;
			children = (
				651B2FBBDB4622256927B992 /* Dashboard */,
				B6ECC990B9171273A40A98F2 /* EyeGame */,
				34A45CBC60A5E726D4BD251F /* MedicationTracker */,
				66CCC601AE66230037BF95FF /* MoodTracker */,
				1F3F98C6C81E95675AFAE69C /* News */,
				80497D7C69F7C8320B0E5299 /* Reports */,
				0FD29815AFA4F09557BC1323 /* SeizureTracker */,
				B165AE91C629154F6DE218E8 /* Settings */,
			);
			name = Features;
			path = Features;
			sourceTree = "<group>";
		};
		8D715E2B7880591368AEE729 /* RettAppTests */ = {
			isa = PBXGroup;
			children = (
				8E82563840B058CDE33473C2 /* GazeProcessorTests.swift */,
				6C2D9628062911A937837668 /* SeizureViewModelTests.swift */,
			);
			name = RettAppTests;
			path = RettAppTests;
			sourceTree = "<group>";
		};
		99B62B7C2253A9CFB398A458 /* Profile */ = {
			isa = PBXGroup;
			children = (
				2E71D71BAA834EA591FA556A /* ChildProfile.swift */,
				7461FAA6A34B939568151BA3 /* ProfileSetupView.swift */,
			);
			name = Profile;
			path = Profile;
			sourceTree = "<group>";
		};
		9E939650001340A5A298296D /* Frameworks */ = {
			isa = PBXGroup;
			children = (
				4436572BF8D37A94D5207536 /* iOS */,
			);
			name = Frameworks;
			sourceTree = "<group>";
		};
		B165AE91C629154F6DE218E8 /* Settings */ = {
			isa = PBXGroup;
			children = (
				B5C456DB81D4F762251554A6 /* SettingsView.swift */,
			);
			name = Settings;
			path = Settings;
			sourceTree = "<group>";
		};
		B6ECC990B9171273A40A98F2 /* EyeGame */ = {
			isa = PBXGroup;
			children = (
				A4DF8562F937EF01C73E2A18 /* ARViewController.swift */,
				09CD2429FC73871CB1642734 /* EyeGameSettings.swift */,
				E4DF04AD7566AB431FD0C29A /* EyeGameSettingsSection.swift */,
				82E5E40872A8CCC15702C4F9 /* EyeGameView.swift */,
				078A7605C5BD7C900BE7F34A /* EyeGameViewModel.swift */,
				9CB96B768DD094FB6D2B4290 /* GazeCalibrator.swift */,
				47AA7D30E95F6D129AAAD833 /* GazeKalmanFilter.swift */,
				56A2FF86D776EB0878D6F5F1 /* GazeProcessor.swift */,
			);
			name = EyeGame;
			path = EyeGame;
			sourceTree = "<group>";
		};
		BCD35EBA1BE16BABED7522C7 /* Models */ = {
			isa = PBXGroup;
			children = (
				9457F812F076AEB81CCC6457 /* Medication.swift */,
				5C58C380088079E708B9645F /* MedicationLog.swift */,
			);
			name = Models;
			path = Models;
			sourceTree = "<group>";
		};
		BF5C6E6D5445A69108691AA8 /* Models */ = {
			isa = PBXGroup;
			children = (
				750BCAE3D376971B73122933 /* NewsArticle.swift */,
			);
			name = Models;
			path = Models;
			sourceTree = "<group>";
		};
		D13745F3B9774F77887C8197 = {
			isa = PBXGroup;
			children = (
				29044744623C4EF8AE5EBFA8 /* Products */,
				9E939650001340A5A298296D /* Frameworks */,
				3FF90BFBB202EDF7A2C87591 /* RettApp */,
				8D715E2B7880591368AEE729 /* RettAppTests */,
			);
			sourceTree = "<group>";
		};
		D7F68137911DD40260F66BC3 /* Components */ = {
			isa = PBXGroup;
			children = (
				2AFB4C0EB3ADE1162235E26B /* AFSRButton.swift */,
				A2B9970E88393B70F1FE3DD2 /* CSVImportMenu.swift */,
				E53F01C2A360213A016F1BC6 /* EmptyStateView.swift */,
				8127E955F676955AE2D1807A /* SectionCard.swift */,
			);
			name = Components;
			path = Components;
			sourceTree = "<group>";
		};
/* End PBXGroup section */

/* Begin PBXNativeTarget section */
		8B36643940E642552997113A /* RettApp */ = {
			isa = PBXNativeTarget;
			buildConfigurationList = E106304D618B7FDBBE5FD551 /* Build configuration list for PBXNativeTarget "RettApp" */;
			buildPhases = (
				E508613F717107005D5A3FBD /* Sources */,
				95EBEB577A15336DF70E7856 /* Frameworks */,
				3C0AD02AB504A9548BE803A3 /* Resources */,
			);
			buildRules = (
			);
			dependencies = (
			);
			name = RettApp;
			productName = RettApp;
			productReference = 2696CF0774DE1C2AC1CE6A75 /* RettApp.app */;
			productType = "com.apple.product-type.application";
		};
		EEE70F1385BFB9B316B99497 /* RettAppTests */ = {
			isa = PBXNativeTarget;
			buildConfigurationList = 9500FC0A0F0EF38E0937B179 /* Build configuration list for PBXNativeTarget "RettAppTests" */;
			buildPhases = (
				C5418AF83FB101C64F7AB171 /* Sources */,
				8A4AC3EABF4F1D05E850C96C /* Frameworks */,
				CE5BDA25BC1B717F0CC70916 /* Resources */,
			);
			buildRules = (
			);
			dependencies = (
				4910664935B4027D81E7E6B4 /* PBXTargetDependency */,
			);
			name = RettAppTests;
			productName = RettAppTests;
			productReference = 59E23E595DF5ECBABD7E7EC2 /* RettAppTests.xctest */;
			productType = "com.apple.product-type.bundle.unit-test";
		};
/* End PBXNativeTarget section */

/* Begin PBXProject section */
		D5E641E0A4FD50A2BD8DEC2F /* Project object */ = {
			isa = PBXProject;
			attributes = {
				LastSwiftUpdateCheck = 1600;
				LastUpgradeCheck = 1600;
			};
			buildConfigurationList = D50744F1605F17E4844505CB /* Build configuration list for PBXProject "RettApp" */;
			compatibilityVersion = "Xcode 3.2";
			developmentRegion = fr;
			hasScannedForEncodings = 0;
			knownRegions = (
				fr,
				Base,
				en,
			);
			mainGroup = D13745F3B9774F77887C8197;
			minimizedProjectReferenceProxies = 0;
			preferredProjectObjectVersion = 77;
			productRefGroup = 29044744623C4EF8AE5EBFA8 /* Products */;
			projectDirPath = "";
			projectRoot = "";
			targets = (
				8B36643940E642552997113A /* RettApp */,
				EEE70F1385BFB9B316B99497 /* RettAppTests */,
			);
		};
/* End PBXProject section */

/* Begin PBXResourcesBuildPhase section */
		3C0AD02AB504A9548BE803A3 /* Resources */ = {
			isa = PBXResourcesBuildPhase;
			buildActionMask = 2147483647;
			files = (
				454A4CDDFDC8DF0986F5DD26 /* Assets.xcassets in Resources */,
				3CF4BD692107C18633A373EE /* Localizable.strings in Resources */,
				CE168DBA50F80FC791387ECF /* LaunchScreen.storyboard in Resources */,
			);
			runOnlyForDeploymentPostprocessing = 0;
		};
		CE5BDA25BC1B717F0CC70916 /* Resources */ = {
			isa = PBXResourcesBuildPhase;
			buildActionMask = 2147483647;
			files = (
			);
			runOnlyForDeploymentPostprocessing = 0;
		};
/* End PBXResourcesBuildPhase section */

/* Begin PBXSourcesBuildPhase section */
		C5418AF83FB101C64F7AB171 /* Sources */ = {
			isa = PBXSourcesBuildPhase;
			buildActionMask = 2147483647;
			files = (
				EF1E806BEAF1F22CA850ACE9 /* GazeProcessorTests.swift in Sources */,
				D4CB602E98867062372B7974 /* SeizureViewModelTests.swift in Sources */,
			);
			runOnlyForDeploymentPostprocessing = 0;
		};
		E508613F717107005D5A3FBD /* Sources */ = {
			isa = PBXSourcesBuildPhase;
			buildActionMask = 2147483647;
			files = (
				7F02F4E8C728A304FBAE6D76 /* ContentView.swift in Sources */,
				0CF3D5AE478586FD2EAFE25E /* AuthManager.swift in Sources */,
				DB8013CCE03CF35B1E30A922 /* SignInView.swift in Sources */,
				BBD5D1F6D5B333A5A9F35C3F /* HealthKitManager.swift in Sources */,
				068BC0308A5EA0594B6B9B9E /* ChildProfile.swift in Sources */,
				E48CD44EFEA7DDB697EF4F3F /* ProfileSetupView.swift in Sources */,
				CDB1AF0A6682DC3B3F8CE5B8 /* DashboardView.swift in Sources */,
				216CE5A8DEBCECAF3CC7774F /* DashboardViewModel.swift in Sources */,
				DD1B656F127E8ACE76030E09 /* ARViewController.swift in Sources */,
				8CA17C06167E211E08C2359C /* EyeGameSettings.swift in Sources */,
				D9FAFA0DF6ACC16AC58C637F /* EyeGameSettingsSection.swift in Sources */,
				84FCEF2F2FBD20B2A5883B12 /* EyeGameView.swift in Sources */,
				68510197618091B639A56689 /* EyeGameViewModel.swift in Sources */,
				E39CF018D897A8EDA87C301B /* GazeCalibrator.swift in Sources */,
				D65E3E7F065133E8AF1FFBBD /* GazeKalmanFilter.swift in Sources */,
				B23A076DDC313B47D859FFE8 /* GazeProcessor.swift in Sources */,
				2D9496289390428BC4A3725B /* AdHocLogSheet.swift in Sources */,
				FF64AF594A54875437730F31 /* JournalView.swift in Sources */,
				0989B67D5E4795D564B10CCB /* MedicationImporter.swift in Sources */,
				BE06E0F8A307D8E653CA191A /* MedicationLogView.swift in Sources */,
				A41CD9F0F19D936DFC575C0F /* MedicationViewModel.swift in Sources */,
				981D822A90CDFC8BE54F3760 /* Medication.swift in Sources */,
				76F075164A16BC179B8F8E1D /* MedicationLog.swift in Sources */,
				44053BB9ED2FD45EE8D33AEB /* DailyObservationSheet.swift in Sources */,
				59C591E9E32C7E6FF6F68C02 /* DailyObservation.swift in Sources */,
				D48DE20F592E5B9FCEB39E92 /* MoodEntry.swift in Sources */,
				2FA5746EE169946A599D86FB /* MoodSheet.swift in Sources */,
				CC7DD053DEE4B2E82891F2A7 /* NewsArticle.swift in Sources */,
				92EEB42EDE0F4DDAB754C2A4 /* NewsDetailView.swift in Sources */,
				DA07E0D1F3EDF91D2AF309C8 /* NewsListView.swift in Sources */,
				2BB4958B0AFBE0387335FED4 /* NewsViewModel.swift in Sources */,
				453193002ED544ED6E6573B8 /* ChartImageRenderer.swift in Sources */,
				9982C67205EDE94B35A6D280 /* FollowUpBookletGenerator.swift in Sources */,
				B8221969A7FD99F787425319 /* FollowUpBookletView.swift in Sources */,
				C37E3DDD5B1EA72A78DFE92A /* MedicalReportAnalysis.swift in Sources */,
				E56C334EC34691601B63F5F6 /* MedicalReportGenerator.swift in Sources */,
				BC78729DB1C1A3FA233218C4 /* MedicalReportView.swift in Sources */,
				6273F775EEE090B1E1CFBA1B /* SeizureEvent.swift in Sources */,
				1FD504DCE76963934B089B3D /* SeizureHistoryView.swift in Sources */,
				EF2C623BC7728D82281706DD /* SeizureImporter.swift in Sources */,
				F137E45C23DEDD505E1FF5D2 /* SeizureTrackerView.swift in Sources */,
				ED67E50F37E768C97B3ED035 /* SeizureTrackerViewModel.swift in Sources */,
				A20F4B286097762B9C0ADE76 /* SettingsView.swift in Sources */,
				A16318FD174D56F280B961AA /* RettAppApp.swift in Sources */,
				F5C18FDE260B6442E1235235 /* CSVParser.swift in Sources */,
				54739E7F5CA22FF78656A0B0 /* AFSRButton.swift in Sources */,
				9D838968724DB6DBD47102DD /* CSVImportMenu.swift in Sources */,
				0D7205E5EB69DA8F1814CFF3 /* EmptyStateView.swift in Sources */,
				FE4E2CAE43A4E2A5ACC43211 /* SectionCard.swift in Sources */,
				BDC5568AAB21CF7CA921751F /* DemoDataGenerator.swift in Sources */,
				25C28EA8E6DC53A536AC3FD6 /* FeatureFlags.swift in Sources */,
				D95455AE74C2D281F835E8CA /* PreviewData.swift in Sources */,
				92F15FDA09FD5054098199AE /* AFSRTheme.swift in Sources */,
				FD607EE61FC5FF933F68E289 /* HourMinute.swift in Sources */,
			);
			runOnlyForDeploymentPostprocessing = 0;
		};
/* End PBXSourcesBuildPhase section */

/* Begin PBXTargetDependency section */
		4910664935B4027D81E7E6B4 /* PBXTargetDependency */ = {
			isa = PBXTargetDependency;
			name = RettApp;
			target = 8B36643940E642552997113A /* RettApp */;
			targetProxy = 9F30CA3104E28A1DD6E59D83 /* PBXContainerItemProxy */;
		};
/* End PBXTargetDependency section */

/* Begin XCBuildConfiguration section */
		14A2FC6F7C1870981752F2DC /* Debug */ = {
			isa = XCBuildConfiguration;
			buildSettings = {
				ALWAYS_SEARCH_USER_PATHS = NO;
				CLANG_ANALYZER_NONNULL = YES;
				CLANG_ANALYZER_NUMBER_OBJECT_CONVERSION = YES_AGGRESSIVE;
				CLANG_CXX_LANGUAGE_STANDARD = "gnu++14";
				CLANG_CXX_LIBRARY = "libc++";
				CLANG_ENABLE_MODULES = YES;
				CLANG_ENABLE_OBJC_ARC = YES;
				CLANG_ENABLE_OBJC_WEAK = YES;
				CLANG_WARN_BLOCK_CAPTURE_AUTORELEASING = YES;
				CLANG_WARN_BOOL_CONVERSION = YES;
				CLANG_WARN_COMMA = YES;
				CLANG_WARN_CONSTANT_CONVERSION = YES;
				CLANG_WARN_DEPRECATED_OBJC_IMPLEMENTATIONS = YES;
				CLANG_WARN_DIRECT_OBJC_ISA_USAGE = YES_ERROR;
				CLANG_WARN_DOCUMENTATION_COMMENTS = YES;
				CLANG_WARN_EMPTY_BODY = YES;
				CLANG_WARN_ENUM_CONVERSION = YES;
				CLANG_WARN_INFINITE_RECURSION = YES;
				CLANG_WARN_INT_CONVERSION = YES;
				CLANG_WARN_NON_LITERAL_NULL_CONVERSION = YES;
				CLANG_WARN_OBJC_IMPLICIT_RETAIN_SELF = YES;
				CLANG_WARN_OBJC_LITERAL_CONVERSION = YES;
				CLANG_WARN_OBJC_ROOT_CLASS = YES_ERROR;
				CLANG_WARN_QUOTED_INCLUDE_IN_FRAMEWORK_HEADER = YES;
				CLANG_WARN_RANGE_LOOP_ANALYSIS = YES;
				CLANG_WARN_STRICT_PROTOTYPES = YES;
				CLANG_WARN_SUSPICIOUS_MOVE = YES;
				CLANG_WARN_UNGUARDED_AVAILABILITY = YES_AGGRESSIVE;
				CLANG_WARN_UNREACHABLE_CODE = YES;
				CLANG_WARN__DUPLICATE_METHOD_MATCH = YES;
				COPY_PHASE_STRIP = NO;
				DEBUG_INFORMATION_FORMAT = dwarf;
				ENABLE_BITCODE = NO;
				ENABLE_STRICT_OBJC_MSGSEND = YES;
				ENABLE_TESTABILITY = YES;
				GCC_C_LANGUAGE_STANDARD = gnu11;
				GCC_DYNAMIC_NO_PIC = NO;
				GCC_NO_COMMON_BLOCKS = YES;
				GCC_OPTIMIZATION_LEVEL = 0;
				GCC_PREPROCESSOR_DEFINITIONS = (
					"DEBUG=1",
					"$(inherited)",
				);
				GCC_WARN_64_TO_32_BIT_CONVERSION = YES;
				GCC_WARN_ABOUT_RETURN_TYPE = YES_ERROR;
				GCC_WARN_UNDECLARED_SELECTOR = YES;
				GCC_WARN_UNINITIALIZED_AUTOS = YES_AGGRESSIVE;
				GCC_WARN_UNUSED_FUNCTION = YES;
				GCC_WARN_UNUSED_VARIABLE = YES;
				IPHONEOS_DEPLOYMENT_TARGET = 17.0;
				MTL_ENABLE_DEBUG_INFO = INCLUDE_SOURCE;
				MTL_FAST_MATH = YES;
				ONLY_ACTIVE_ARCH = YES;
				PRODUCT_NAME = "$(TARGET_NAME)";
				SWIFT_ACTIVE_COMPILATION_CONDITIONS = DEBUG;
				SWIFT_OPTIMIZATION_LEVEL = "-Onone";
				SWIFT_VERSION = 5.9;
			};
			name = Debug;
		};
		5B52F813C1BD58D222E8F279 /* Debug */ = {
			isa = XCBuildConfiguration;
			buildSettings = {
				BUNDLE_LOADER = "$(TEST_HOST)";
				CLANG_ENABLE_OBJC_WEAK = NO;
				GENERATE_INFOPLIST_FILE = YES;
				IPHONEOS_DEPLOYMENT_TARGET = 17.0;
				PRODUCT_BUNDLE_IDENTIFIER = fr.afsr.RettApp.tests;
				PRODUCT_NAME = RettAppTests;
				SDKROOT = iphoneos;
				SWIFT_VERSION = 5.9;
				TEST_HOST = "$(BUILT_PRODUCTS_DIR)/RettApp.app/$(BUNDLE_EXECUTABLE_FOLDER_PATH)/RettApp";
			};
			name = Debug;
		};
		715700FCF05537BD220962DF /* Debug */ = {
			isa = XCBuildConfiguration;
			buildSettings = {
				ASSETCATALOG_COMPILER_APPICON_NAME = AppIcon;
				ASSETCATALOG_COMPILER_GLOBAL_ACCENT_COLOR_NAME = AccentColor;
				CLANG_ENABLE_OBJC_WEAK = NO;
				CODE_SIGN_ENTITLEMENTS = RettApp/Resources/RettApp.entitlements;
				CURRENT_PROJECT_VERSION = 1;
				DEVELOPMENT_ASSET_PATHS = "";
				ENABLE_USER_SCRIPT_SANDBOXING = YES;
				GENERATE_INFOPLIST_FILE = NO;
				INFOPLIST_FILE = RettApp/Resources/Info.plist;
				INFOPLIST_KEY_UISupportedInterfaceOrientations_iPad = "UIInterfaceOrientationPortrait UIInterfaceOrientationPortraitUpsideDown UIInterfaceOrientationLandscapeLeft UIInterfaceOrientationLandscapeRight";
				INFOPLIST_KEY_UISupportedInterfaceOrientations_iPhone = "UIInterfaceOrientationPortrait UIInterfaceOrientationLandscapeLeft UIInterfaceOrientationLandscapeRight";
				IPHONEOS_DEPLOYMENT_TARGET = 17.0;
				LD_RUNPATH_SEARCH_PATHS = "$(inherited) @executable_path/Frameworks";
				MARKETING_VERSION = 1.3.0;
				PRODUCT_BUNDLE_IDENTIFIER = fr.afsr.RettApp;
				PRODUCT_NAME = RettApp;
				SDKROOT = iphoneos;
				SUPPORTS_MACCATALYST = NO;
				SWIFT_ACTIVE_COMPILATION_CONDITIONS = DEBUG;
				SWIFT_EMIT_LOC_STRINGS = YES;
				SWIFT_OPTIMIZATION_LEVEL = "-Onone";
				SWIFT_VERSION = 5.9;
				TARGETED_DEVICE_FAMILY = "1,2";
			};
			name = Debug;
		};
		75F1C34720E6BFD1CFBD4BF7 /* Release */ = {
			isa = XCBuildConfiguration;
			buildSettings = {
				ASSETCATALOG_COMPILER_APPICON_NAME = AppIcon;
				ASSETCATALOG_COMPILER_GLOBAL_ACCENT_COLOR_NAME = AccentColor;
				CLANG_ENABLE_OBJC_WEAK = NO;
				CODE_SIGN_ENTITLEMENTS = RettApp/Resources/RettApp.entitlements;
				CURRENT_PROJECT_VERSION = 1;
				DEVELOPMENT_ASSET_PATHS = "";
				ENABLE_USER_SCRIPT_SANDBOXING = YES;
				GENERATE_INFOPLIST_FILE = NO;
				INFOPLIST_FILE = RettApp/Resources/Info.plist;
				INFOPLIST_KEY_UISupportedInterfaceOrientations_iPad = "UIInterfaceOrientationPortrait UIInterfaceOrientationPortraitUpsideDown UIInterfaceOrientationLandscapeLeft UIInterfaceOrientationLandscapeRight";
				INFOPLIST_KEY_UISupportedInterfaceOrientations_iPhone = "UIInterfaceOrientationPortrait UIInterfaceOrientationLandscapeLeft UIInterfaceOrientationLandscapeRight";
				IPHONEOS_DEPLOYMENT_TARGET = 17.0;
				LD_RUNPATH_SEARCH_PATHS = "$(inherited) @executable_path/Frameworks";
				MARKETING_VERSION = 1.3.0;
				PRODUCT_BUNDLE_IDENTIFIER = fr.afsr.RettApp;
				PRODUCT_NAME = RettApp;
				SDKROOT = iphoneos;
				SUPPORTS_MACCATALYST = NO;
				SWIFT_EMIT_LOC_STRINGS = YES;
				SWIFT_OPTIMIZATION_LEVEL = "-O";
				SWIFT_VERSION = 5.9;
				TARGETED_DEVICE_FAMILY = "1,2";
				VALIDATE_PRODUCT = YES;
			};
			name = Release;
		};
		DFD2893694C4573D74108772 /* Release */ = {
			isa = XCBuildConfiguration;
			buildSettings = {
				BUNDLE_LOADER = "$(TEST_HOST)";
				CLANG_ENABLE_OBJC_WEAK = NO;
				GENERATE_INFOPLIST_FILE = YES;
				IPHONEOS_DEPLOYMENT_TARGET = 17.0;
				PRODUCT_BUNDLE_IDENTIFIER = fr.afsr.RettApp.tests;
				PRODUCT_NAME = RettAppTests;
				SDKROOT = iphoneos;
				SWIFT_VERSION = 5.9;
				TEST_HOST = "$(BUILT_PRODUCTS_DIR)/RettApp.app/$(BUNDLE_EXECUTABLE_FOLDER_PATH)/RettApp";
				VALIDATE_PRODUCT = YES;
			};
			name = Release;
		};
		FE21004124F4FD20B0766537 /* Release */ = {
			isa = XCBuildConfiguration;
			buildSettings = {
				ALWAYS_SEARCH_USER_PATHS = NO;
				CLANG_ANALYZER_NONNULL = YES;
				CLANG_ANALYZER_NUMBER_OBJECT_CONVERSION = YES_AGGRESSIVE;
				CLANG_CXX_LANGUAGE_STANDARD = "gnu++14";
				CLANG_CXX_LIBRARY = "libc++";
				CLANG_ENABLE_MODULES = YES;
				CLANG_ENABLE_OBJC_ARC = YES;
				CLANG_ENABLE_OBJC_WEAK = YES;
				CLANG_WARN_BLOCK_CAPTURE_AUTORELEASING = YES;
				CLANG_WARN_BOOL_CONVERSION = YES;
				CLANG_WARN_COMMA = YES;
				CLANG_WARN_CONSTANT_CONVERSION = YES;
				CLANG_WARN_DEPRECATED_OBJC_IMPLEMENTATIONS = YES;
				CLANG_WARN_DIRECT_OBJC_ISA_USAGE = YES_ERROR;
				CLANG_WARN_DOCUMENTATION_COMMENTS = YES;
				CLANG_WARN_EMPTY_BODY = YES;
				CLANG_WARN_ENUM_CONVERSION = YES;
				CLANG_WARN_INFINITE_RECURSION = YES;
				CLANG_WARN_INT_CONVERSION = YES;
				CLANG_WARN_NON_LITERAL_NULL_CONVERSION = YES;
				CLANG_WARN_OBJC_IMPLICIT_RETAIN_SELF = YES;
				CLANG_WARN_OBJC_LITERAL_CONVERSION = YES;
				CLANG_WARN_OBJC_ROOT_CLASS = YES_ERROR;
				CLANG_WARN_QUOTED_INCLUDE_IN_FRAMEWORK_HEADER = YES;
				CLANG_WARN_RANGE_LOOP_ANALYSIS = YES;
				CLANG_WARN_STRICT_PROTOTYPES = YES;
				CLANG_WARN_SUSPICIOUS_MOVE = YES;
				CLANG_WARN_UNGUARDED_AVAILABILITY = YES_AGGRESSIVE;
				CLANG_WARN_UNREACHABLE_CODE = YES;
				CLANG_WARN__DUPLICATE_METHOD_MATCH = YES;
				COPY_PHASE_STRIP = NO;
				DEBUG_INFORMATION_FORMAT = "dwarf-with-dsym";
				ENABLE_BITCODE = NO;
				ENABLE_NS_ASSERTIONS = NO;
				ENABLE_STRICT_OBJC_MSGSEND = YES;
				GCC_C_LANGUAGE_STANDARD = gnu11;
				GCC_NO_COMMON_BLOCKS = YES;
				GCC_WARN_64_TO_32_BIT_CONVERSION = YES;
				GCC_WARN_ABOUT_RETURN_TYPE = YES_ERROR;
				GCC_WARN_UNDECLARED_SELECTOR = YES;
				GCC_WARN_UNINITIALIZED_AUTOS = YES_AGGRESSIVE;
				GCC_WARN_UNUSED_FUNCTION = YES;
				GCC_WARN_UNUSED_VARIABLE = YES;
				IPHONEOS_DEPLOYMENT_TARGET = 17.0;
				MTL_ENABLE_DEBUG_INFO = NO;
				MTL_FAST_MATH = YES;
				PRODUCT_NAME = "$(TARGET_NAME)";
				SWIFT_COMPILATION_MODE = wholemodule;
				SWIFT_OPTIMIZATION_LEVEL = "-O";
				SWIFT_VERSION = 5.9;
			};
			name = Release;
		};
/* End XCBuildConfiguration section */

/* Begin XCConfigurationList section */
		9500FC0A0F0EF38E0937B179 /* Build configuration list for PBXNativeTarget "RettAppTests" */ = {
			isa = XCConfigurationList;
			buildConfigurations = (
				DFD2893694C4573D74108772 /* Release */,
				5B52F813C1BD58D222E8F279 /* Debug */,
			);
			defaultConfigurationIsVisible = 0;
			defaultConfigurationName = Release;
		};
		D50744F1605F17E4844505CB /* Build configuration list for PBXProject "RettApp" */ = {
			isa = XCConfigurationList;
			buildConfigurations = (
				14A2FC6F7C1870981752F2DC /* Debug */,
				FE21004124F4FD20B0766537 /* Release */,
			);
			defaultConfigurationIsVisible = 0;
			defaultConfigurationName = Release;
		};
		E106304D618B7FDBBE5FD551 /* Build configuration list for PBXNativeTarget "RettApp" */ = {
			isa = XCConfigurationList;
			buildConfigurations = (
				75F1C34720E6BFD1CFBD4BF7 /* Release */,
				715700FCF05537BD220962DF /* Debug */,
			);
			defaultConfigurationIsVisible = 0;
			defaultConfigurationName = Release;
		};
/* End XCConfigurationList section */
	};
	rootObject = D5E641E0A4FD50A2BD8DEC2F /* Project object */;
}
